// !$*UTF8*$!
{
	archiveVersion = 1;
	classes = {
	};
	objectVersion = 46;
	objects = {

/* Begin PBXBuildFile section */
		BB00B94E1D213948008B1135 /* AppDelegate.swift in Sources */ = {isa = PBXBuildFile; fileRef = BB00B94D1D213948008B1135 /* AppDelegate.swift */; };
		BB00B9501D213948008B1135 /* MainViewController.swift in Sources */ = {isa = PBXBuildFile; fileRef = BB00B94F1D213948008B1135 /* MainViewController.swift */; };
		BB00B9531D213948008B1135 /* Main.storyboard in Resources */ = {isa = PBXBuildFile; fileRef = BB00B9511D213948008B1135 /* Main.storyboard */; };
		BB00B9551D213948008B1135 /* Assets.xcassets in Resources */ = {isa = PBXBuildFile; fileRef = BB00B9541D213948008B1135 /* Assets.xcassets */; };
		BB00B9581D213948008B1135 /* LaunchScreen.storyboard in Resources */ = {isa = PBXBuildFile; fileRef = BB00B9561D213948008B1135 /* LaunchScreen.storyboard */; };
		BB3F49DF1D69BCAB005C9F48 /* Reachability.swift in Sources */ = {isa = PBXBuildFile; fileRef = BB3F49DE1D69BCAB005C9F48 /* Reachability.swift */; };
		BB3F49E11D6A148E005C9F48 /* Extensions.swift in Sources */ = {isa = PBXBuildFile; fileRef = BB3F49E01D6A148E005C9F48 /* Extensions.swift */; };
		BB3F49E31D6A1554005C9F48 /* VFRController.swift in Sources */ = {isa = PBXBuildFile; fileRef = BB3F49E21D6A1554005C9F48 /* VFRController.swift */; };
		BB40ED861D847CF5006A49A1 /* ComposersViewController.swift in Sources */ = {isa = PBXBuildFile; fileRef = BB40ED851D847CF5006A49A1 /* ComposersViewController.swift */; };
		BB40ED881D848912006A49A1 /* SheetSectionHeader.swift in Sources */ = {isa = PBXBuildFile; fileRef = BB40ED871D848912006A49A1 /* SheetSectionHeader.swift */; };
		BB4118801D2D1A7100168B76 /* RenameViewController.swift in Sources */ = {isa = PBXBuildFile; fileRef = BB41187F1D2D1A7100168B76 /* RenameViewController.swift */; };
		BB5B07191D5F8BF20036E194 /* SettingsViewController.swift in Sources */ = {isa = PBXBuildFile; fileRef = BB5B07181D5F8BF20036E194 /* SettingsViewController.swift */; };
		BB5E09611D7C24F600FB6FFF /* SyncViewController.swift in Sources */ = {isa = PBXBuildFile; fileRef = BB5E09601D7C24F600FB6FFF /* SyncViewController.swift */; };
		BBEFA78B1D2A5863007DA3A7 /* File.swift in Sources */ = {isa = PBXBuildFile; fileRef = BBEFA78A1D2A5863007DA3A7 /* File.swift */; };
		BBF0A2CE1D67771B00D65ECB /* SetupViewController.swift in Sources */ = {isa = PBXBuildFile; fileRef = BBF0A2CD1D67771B00D65ECB /* SetupViewController.swift */; };
		BBF0FEBF1D7628C40076F59E /* NamingPresets.txt in Resources */ = {isa = PBXBuildFile; fileRef = BBF0FEBE1D7628C40076F59E /* NamingPresets.txt */; };
		BBF1B1731D7753F200A624C3 /* AutocompleteUITextField.swift in Sources */ = {isa = PBXBuildFile; fileRef = BBF1B1721D7753F200A624C3 /* AutocompleteUITextField.swift */; };
		BBF397261D63B26B0023C298 /* DownloadViewController.swift in Sources */ = {isa = PBXBuildFile; fileRef = BBF397251D63B26B0023C298 /* DownloadViewController.swift */; };
		BBF467F61D5D194000913CAD /* SWRevealViewController.m in Sources */ = {isa = PBXBuildFile; fileRef = BBF467F51D5D194000913CAD /* SWRevealViewController.m */; };
		BBF467F91D5E683A00913CAD /* SidebarViewController.swift in Sources */ = {isa = PBXBuildFile; fileRef = BBF467F81D5E683A00913CAD /* SidebarViewController.swift */; };
		BBF46FDC1D6B39DF00936844 /* Composers.txt in Resources */ = {isa = PBXBuildFile; fileRef = BBF46FDB1D6B39DF00936844 /* Composers.txt */; };
		BBF46FDE1D6B39F700936844 /* MusicalForms.txt in Resources */ = {isa = PBXBuildFile; fileRef = BBF46FDD1D6B39F700936844 /* MusicalForms.txt */; };
		BBF46FE01D6B3A0900936844 /* Tempo.txt in Resources */ = {isa = PBXBuildFile; fileRef = BBF46FDF1D6B3A0900936844 /* Tempo.txt */; };
		BBF4D0521D22740600C85784 /* GTMOAuth2ViewTouch.xib in Resources */ = {isa = PBXBuildFile; fileRef = BBF4D0511D22740600C85784 /* GTMOAuth2ViewTouch.xib */; };
		BBF5AFED1D60AB4A00A0645F /* FilterViewController.swift in Sources */ = {isa = PBXBuildFile; fileRef = BBF5AFEC1D60AB4900A0645F /* FilterViewController.swift */; };
		BBF5F30F1D64DE9B003C3C26 /* DataManager.swift in Sources */ = {isa = PBXBuildFile; fileRef = BBF5F30E1D64DE9B003C3C26 /* DataManager.swift */; };
		BBF69E691D780BBA0038DD3D /* Instruments.txt in Resources */ = {isa = PBXBuildFile; fileRef = BBF69E681D780BBA0038DD3D /* Instruments.txt */; };
		BBF69E6B1D783C180038DD3D /* NamingManager.swift in Sources */ = {isa = PBXBuildFile; fileRef = BBF69E6A1D783C180038DD3D /* NamingManager.swift */; };
		BBF69E6D1D78CEE90038DD3D /* Keys.txt in Resources */ = {isa = PBXBuildFile; fileRef = BBF69E6C1D78CEE90038DD3D /* Keys.txt */; };
		BBF6DBF81D7A1834005DC2E9 /* SheetThumbCell.swift in Sources */ = {isa = PBXBuildFile; fileRef = BBF6DBF71D7A1834005DC2E9 /* SheetThumbCell.swift */; };
		BBFBB3BF1DA43D3300C6372D /* UIImage+Scale.swift in Sources */ = {isa = PBXBuildFile; fileRef = BBFBB3BE1DA43D3300C6372D /* UIImage+Scale.swift */; };
		F335D8FB3930858798FEE27F /* Pods_Sheets.framework in Frameworks */ = {isa = PBXBuildFile; fileRef = 0ED0341CC43A387ABAC40C75 /* Pods_Sheets.framework */; };
/* End PBXBuildFile section */

/* Begin PBXFileReference section */
		0ED0341CC43A387ABAC40C75 /* Pods_Sheets.framework */ = {isa = PBXFileReference; explicitFileType = wrapper.framework; includeInIndex = 0; path = Pods_Sheets.framework; sourceTree = BUILT_PRODUCTS_DIR; };
		29E37FB41D9750B6A429F06F /* Pods_SheetsUITests.framework */ = {isa = PBXFileReference; explicitFileType = wrapper.framework; includeInIndex = 0; path = Pods_SheetsUITests.framework; sourceTree = BUILT_PRODUCTS_DIR; };
		725D855FDE3954F9DDD27E1D /* Pods_SheetsTests.framework */ = {isa = PBXFileReference; explicitFileType = wrapper.framework; includeInIndex = 0; path = Pods_SheetsTests.framework; sourceTree = BUILT_PRODUCTS_DIR; };
		82B72E7257CF88C3C81CC597 /* Pods-Sheets.release.xcconfig */ = {isa = PBXFileReference; includeInIndex = 1; lastKnownFileType = text.xcconfig; name = "Pods-Sheets.release.xcconfig"; path = "Pods/Target Support Files/Pods-Sheets/Pods-Sheets.release.xcconfig"; sourceTree = "<group>"; };
		BB00B94A1D213948008B1135 /* Sheets.app */ = {isa = PBXFileReference; explicitFileType = wrapper.application; includeInIndex = 0; path = Sheets.app; sourceTree = BUILT_PRODUCTS_DIR; };
		BB00B94D1D213948008B1135 /* AppDelegate.swift */ = {isa = PBXFileReference; lastKnownFileType = sourcecode.swift; path = AppDelegate.swift; sourceTree = "<group>"; };
		BB00B94F1D213948008B1135 /* MainViewController.swift */ = {isa = PBXFileReference; lastKnownFileType = sourcecode.swift; path = MainViewController.swift; sourceTree = "<group>"; };
		BB00B9521D213948008B1135 /* Base */ = {isa = PBXFileReference; lastKnownFileType = file.storyboard; name = Base; path = Base.lproj/Main.storyboard; sourceTree = "<group>"; };
		BB00B9541D213948008B1135 /* Assets.xcassets */ = {isa = PBXFileReference; lastKnownFileType = folder.assetcatalog; path = Assets.xcassets; sourceTree = "<group>"; };
		BB00B9571D213948008B1135 /* Base */ = {isa = PBXFileReference; lastKnownFileType = file.storyboard; name = Base; path = Base.lproj/LaunchScreen.storyboard; sourceTree = "<group>"; };
		BB00B9591D213948008B1135 /* Info.plist */ = {isa = PBXFileReference; lastKnownFileType = text.plist.xml; path = Info.plist; sourceTree = "<group>"; };
		BB00B9621D213948008B1135 /* SheetsTests.swift */ = {isa = PBXFileReference; lastKnownFileType = sourcecode.swift; path = SheetsTests.swift; sourceTree = "<group>"; };
		BB00B9641D213948008B1135 /* Info.plist */ = {isa = PBXFileReference; lastKnownFileType = text.plist.xml; path = Info.plist; sourceTree = "<group>"; };
		BB00B96D1D213948008B1135 /* SheetsUITests.swift */ = {isa = PBXFileReference; lastKnownFileType = sourcecode.swift; path = SheetsUITests.swift; sourceTree = "<group>"; };
		BB00B96F1D213948008B1135 /* Info.plist */ = {isa = PBXFileReference; lastKnownFileType = text.plist.xml; path = Info.plist; sourceTree = "<group>"; };
		BB08F07B1D33909F00D1ABCE /* Sheets-Bridging-Header.h */ = {isa = PBXFileReference; lastKnownFileType = sourcecode.c.h; path = "Sheets-Bridging-Header.h"; sourceTree = "<group>"; };
		BB0E84C11DC7461B0060E63C /* Sheets.entitlements */ = {isa = PBXFileReference; lastKnownFileType = text.plist.entitlements; path = Sheets.entitlements; sourceTree = "<group>"; };
		BB3F49DE1D69BCAB005C9F48 /* Reachability.swift */ = {isa = PBXFileReference; fileEncoding = 4; lastKnownFileType = sourcecode.swift; path = Reachability.swift; sourceTree = "<group>"; };
		BB3F49E01D6A148E005C9F48 /* Extensions.swift */ = {isa = PBXFileReference; fileEncoding = 4; lastKnownFileType = sourcecode.swift; path = Extensions.swift; sourceTree = "<group>"; };
		BB3F49E21D6A1554005C9F48 /* VFRController.swift */ = {isa = PBXFileReference; fileEncoding = 4; lastKnownFileType = sourcecode.swift; path = VFRController.swift; sourceTree = "<group>"; };
		BB40ED851D847CF5006A49A1 /* ComposersViewController.swift */ = {isa = PBXFileReference; fileEncoding = 4; lastKnownFileType = sourcecode.swift; path = ComposersViewController.swift; sourceTree = "<group>"; };
		BB40ED871D848912006A49A1 /* SheetSectionHeader.swift */ = {isa = PBXFileReference; fileEncoding = 4; lastKnownFileType = sourcecode.swift; path = SheetSectionHeader.swift; sourceTree = "<group>"; };
		BB41187F1D2D1A7100168B76 /* RenameViewController.swift */ = {isa = PBXFileReference; fileEncoding = 4; lastKnownFileType = sourcecode.swift; path = RenameViewController.swift; sourceTree = "<group>"; };
		BB5B07181D5F8BF20036E194 /* SettingsViewController.swift */ = {isa = PBXFileReference; fileEncoding = 4; lastKnownFileType = sourcecode.swift; path = SettingsViewController.swift; sourceTree = "<group>"; };
		BB5E09601D7C24F600FB6FFF /* SyncViewController.swift */ = {isa = PBXFileReference; fileEncoding = 4; lastKnownFileType = sourcecode.swift; path = SyncViewController.swift; sourceTree = "<group>"; };
		BBEFA78A1D2A5863007DA3A7 /* File.swift */ = {isa = PBXFileReference; fileEncoding = 4; lastKnownFileType = sourcecode.swift; path = File.swift; sourceTree = "<group>"; };
		BBF0A2CD1D67771B00D65ECB /* SetupViewController.swift */ = {isa = PBXFileReference; fileEncoding = 4; lastKnownFileType = sourcecode.swift; path = SetupViewController.swift; sourceTree = "<group>"; };
		BBF0FEBE1D7628C40076F59E /* NamingPresets.txt */ = {isa = PBXFileReference; fileEncoding = 4; lastKnownFileType = text; path = NamingPresets.txt; sourceTree = "<group>"; };
		BBF1B1721D7753F200A624C3 /* AutocompleteUITextField.swift */ = {isa = PBXFileReference; fileEncoding = 4; lastKnownFileType = sourcecode.swift; path = AutocompleteUITextField.swift; sourceTree = "<group>"; };
		BBF397251D63B26B0023C298 /* DownloadViewController.swift */ = {isa = PBXFileReference; fileEncoding = 4; lastKnownFileType = sourcecode.swift; path = DownloadViewController.swift; sourceTree = "<group>"; };
		BBF467F41D5D194000913CAD /* SWRevealViewController.h */ = {isa = PBXFileReference; fileEncoding = 4; lastKnownFileType = sourcecode.c.h; path = SWRevealViewController.h; sourceTree = "<group>"; };
		BBF467F51D5D194000913CAD /* SWRevealViewController.m */ = {isa = PBXFileReference; fileEncoding = 4; lastKnownFileType = sourcecode.c.objc; path = SWRevealViewController.m; sourceTree = "<group>"; };
		BBF467F81D5E683A00913CAD /* SidebarViewController.swift */ = {isa = PBXFileReference; fileEncoding = 4; lastKnownFileType = sourcecode.swift; path = SidebarViewController.swift; sourceTree = "<group>"; };
		BBF46FDB1D6B39DF00936844 /* Composers.txt */ = {isa = PBXFileReference; fileEncoding = 4; lastKnownFileType = text; path = Composers.txt; sourceTree = "<group>"; };
		BBF46FDD1D6B39F700936844 /* MusicalForms.txt */ = {isa = PBXFileReference; fileEncoding = 4; lastKnownFileType = text; path = MusicalForms.txt; sourceTree = "<group>"; };
		BBF46FDF1D6B3A0900936844 /* Tempo.txt */ = {isa = PBXFileReference; fileEncoding = 4; lastKnownFileType = text; path = Tempo.txt; sourceTree = "<group>"; };
		BBF4D0511D22740600C85784 /* GTMOAuth2ViewTouch.xib */ = {isa = PBXFileReference; fileEncoding = 4; lastKnownFileType = file.xib; path = GTMOAuth2ViewTouch.xib; sourceTree = "<group>"; };
		BBF5AFEC1D60AB4900A0645F /* FilterViewController.swift */ = {isa = PBXFileReference; fileEncoding = 4; lastKnownFileType = sourcecode.swift; path = FilterViewController.swift; sourceTree = "<group>"; };
		BBF5F30E1D64DE9B003C3C26 /* DataManager.swift */ = {isa = PBXFileReference; fileEncoding = 4; lastKnownFileType = sourcecode.swift; path = DataManager.swift; sourceTree = "<group>"; };
		BBF69E681D780BBA0038DD3D /* Instruments.txt */ = {isa = PBXFileReference; fileEncoding = 4; lastKnownFileType = text; path = Instruments.txt; sourceTree = "<group>"; };
		BBF69E6A1D783C180038DD3D /* NamingManager.swift */ = {isa = PBXFileReference; fileEncoding = 4; lastKnownFileType = sourcecode.swift; path = NamingManager.swift; sourceTree = "<group>"; };
		BBF69E6C1D78CEE90038DD3D /* Keys.txt */ = {isa = PBXFileReference; fileEncoding = 4; lastKnownFileType = text; path = Keys.txt; sourceTree = "<group>"; };
		BBF6DBF71D7A1834005DC2E9 /* SheetThumbCell.swift */ = {isa = PBXFileReference; fileEncoding = 4; lastKnownFileType = sourcecode.swift; path = SheetThumbCell.swift; sourceTree = "<group>"; };
		BBFBB3BE1DA43D3300C6372D /* UIImage+Scale.swift */ = {isa = PBXFileReference; fileEncoding = 4; lastKnownFileType = sourcecode.swift; path = "UIImage+Scale.swift"; sourceTree = "<group>"; };
		DB8C99F99D13F66371AE4635 /* Pods-Sheets.debug.xcconfig */ = {isa = PBXFileReference; includeInIndex = 1; lastKnownFileType = text.xcconfig; name = "Pods-Sheets.debug.xcconfig"; path = "Pods/Target Support Files/Pods-Sheets/Pods-Sheets.debug.xcconfig"; sourceTree = "<group>"; };
/* End PBXFileReference section */

/* Begin PBXFrameworksBuildPhase section */
		BB00B9471D213948008B1135 /* Frameworks */ = {
			isa = PBXFrameworksBuildPhase;
			buildActionMask = 2147483647;
			files = (
				F335D8FB3930858798FEE27F /* Pods_Sheets.framework in Frameworks */,
			);
			runOnlyForDeploymentPostprocessing = 0;
		};
/* End PBXFrameworksBuildPhase section */

/* Begin PBXGroup section */
		0D95E04EA1B17BBF063C927F /* Frameworks */ = {
			isa = PBXGroup;
			children = (
				0ED0341CC43A387ABAC40C75 /* Pods_Sheets.framework */,
				725D855FDE3954F9DDD27E1D /* Pods_SheetsTests.framework */,
				29E37FB41D9750B6A429F06F /* Pods_SheetsUITests.framework */,
			);
			name = Frameworks;
			sourceTree = "<group>";
		};
		9B5BDDB6021ACF16E5D5B3F3 /* Pods */ = {
			isa = PBXGroup;
			children = (
				DB8C99F99D13F66371AE4635 /* Pods-Sheets.debug.xcconfig */,
				82B72E7257CF88C3C81CC597 /* Pods-Sheets.release.xcconfig */,
			);
			name = Pods;
			sourceTree = "<group>";
		};
		BB00B9411D213948008B1135 = {
			isa = PBXGroup;
			children = (
				BB00B94C1D213948008B1135 /* Sheets */,
				BB00B9611D213948008B1135 /* SheetsTests */,
				BB00B96C1D213948008B1135 /* SheetsUITests */,
				BB00B94B1D213948008B1135 /* Products */,
				9B5BDDB6021ACF16E5D5B3F3 /* Pods */,
				0D95E04EA1B17BBF063C927F /* Frameworks */,
			);
			sourceTree = "<group>";
		};
		BB00B94B1D213948008B1135 /* Products */ = {
			isa = PBXGroup;
			children = (
				BB00B94A1D213948008B1135 /* Sheets.app */,
			);
			name = Products;
			sourceTree = "<group>";
		};
		BB00B94C1D213948008B1135 /* Sheets */ = {
			isa = PBXGroup;
			children = (
				BB0E84C11DC7461B0060E63C /* Sheets.entitlements */,
				BBF46FDA1D6B396B00936844 /* Textfiles */,
				BBF467F71D5D197500913CAD /* SWRevealViewController */,
				BB00B94D1D213948008B1135 /* AppDelegate.swift */,
				BB00B94F1D213948008B1135 /* MainViewController.swift */,
				BBF5F30E1D64DE9B003C3C26 /* DataManager.swift */,
				BBF69E6A1D783C180038DD3D /* NamingManager.swift */,
				BBEFA78A1D2A5863007DA3A7 /* File.swift */,
				BB5E09601D7C24F600FB6FFF /* SyncViewController.swift */,
				BB5B07181D5F8BF20036E194 /* SettingsViewController.swift */,
				BBF397251D63B26B0023C298 /* DownloadViewController.swift */,
				BB40ED851D847CF5006A49A1 /* ComposersViewController.swift */,
				BB41187F1D2D1A7100168B76 /* RenameViewController.swift */,
				BBF5AFEC1D60AB4900A0645F /* FilterViewController.swift */,
				BBF467F81D5E683A00913CAD /* SidebarViewController.swift */,
				BBF0A2CD1D67771B00D65ECB /* SetupViewController.swift */,
				BB3F49E21D6A1554005C9F48 /* VFRController.swift */,
				BB00B9511D213948008B1135 /* Main.storyboard */,
				BB00B9541D213948008B1135 /* Assets.xcassets */,
				BB00B9561D213948008B1135 /* LaunchScreen.storyboard */,
				BBF4D0511D22740600C85784 /* GTMOAuth2ViewTouch.xib */,
				BB00B9591D213948008B1135 /* Info.plist */,
				BB08F07B1D33909F00D1ABCE /* Sheets-Bridging-Header.h */,
				BBF1B1721D7753F200A624C3 /* AutocompleteUITextField.swift */,
				BB3F49DE1D69BCAB005C9F48 /* Reachability.swift */,
				BBF6DBF71D7A1834005DC2E9 /* SheetThumbCell.swift */,
				BB40ED871D848912006A49A1 /* SheetSectionHeader.swift */,
				BBFBB3C01DA447D300C6372D /* Extensions */,
			);
			path = Sheets;
			sourceTree = "<group>";
		};
		BB00B9611D213948008B1135 /* SheetsTests */ = {
			isa = PBXGroup;
			children = (
				BB00B9621D213948008B1135 /* SheetsTests.swift */,
				BB00B9641D213948008B1135 /* Info.plist */,
			);
			path = SheetsTests;
			sourceTree = "<group>";
		};
		BB00B96C1D213948008B1135 /* SheetsUITests */ = {
			isa = PBXGroup;
			children = (
				BB00B96D1D213948008B1135 /* SheetsUITests.swift */,
				BB00B96F1D213948008B1135 /* Info.plist */,
			);
			path = SheetsUITests;
			sourceTree = "<group>";
		};
		BBF467F71D5D197500913CAD /* SWRevealViewController */ = {
			isa = PBXGroup;
			children = (
				BBF467F41D5D194000913CAD /* SWRevealViewController.h */,
				BBF467F51D5D194000913CAD /* SWRevealViewController.m */,
			);
			name = SWRevealViewController;
			sourceTree = "<group>";
		};
		BBF46FDA1D6B396B00936844 /* Textfiles */ = {
			isa = PBXGroup;
			children = (
				BBF46FDB1D6B39DF00936844 /* Composers.txt */,
				BBF46FDD1D6B39F700936844 /* MusicalForms.txt */,
				BBF46FDF1D6B3A0900936844 /* Tempo.txt */,
				BBF0FEBE1D7628C40076F59E /* NamingPresets.txt */,
				BBF69E681D780BBA0038DD3D /* Instruments.txt */,
				BBF69E6C1D78CEE90038DD3D /* Keys.txt */,
			);
			name = Textfiles;
			sourceTree = "<group>";
		};
		BBFBB3C01DA447D300C6372D /* Extensions */ = {
			isa = PBXGroup;
			children = (
				BB3F49E01D6A148E005C9F48 /* Extensions.swift */,
				BBFBB3BE1DA43D3300C6372D /* UIImage+Scale.swift */,
			);
			name = Extensions;
			sourceTree = "<group>";
		};
/* End PBXGroup section */

/* Begin PBXNativeTarget section */
		BB00B9491D213948008B1135 /* Sheets */ = {
			isa = PBXNativeTarget;
			buildConfigurationList = BB00B9721D213948008B1135 /* Build configuration list for PBXNativeTarget "Sheets" */;
			buildPhases = (
				B8B04AC039CC9CAC44DE62D0 /* [CP] Check Pods Manifest.lock */,
				BB00B9461D213948008B1135 /* Sources */,
				BB00B9471D213948008B1135 /* Frameworks */,
				BB00B9481D213948008B1135 /* Resources */,
				E8D6563CBF2F3C361804835F /* [CP] Embed Pods Frameworks */,
				96D74ED7F67977EFE893B537 /* [CP] Copy Pods Resources */,
			);
			buildRules = (
			);
			dependencies = (
			);
			name = Sheets;
			productName = Sheets;
			productReference = BB00B94A1D213948008B1135 /* Sheets.app */;
			productType = "com.apple.product-type.application";
		};
/* End PBXNativeTarget section */

/* Begin PBXProject section */
		BB00B9421D213948008B1135 /* Project object */ = {
			isa = PBXProject;
			attributes = {
				LastSwiftUpdateCheck = 0720;
				LastUpgradeCheck = 0720;
				ORGANIZATIONNAME = "Keiwan Donyagard";
				TargetAttributes = {
					BB00B9491D213948008B1135 = {
						CreatedOnToolsVersion = 7.2;
						DevelopmentTeam = ERZXMZEK56;
						LastSwiftMigration = 0800;
						ProvisioningStyle = Automatic;
						SystemCapabilities = {
							com.apple.Keychain = {
								enabled = 1;
							};
						};
					};
				};
			};
			buildConfigurationList = BB00B9451D213948008B1135 /* Build configuration list for PBXProject "Sheets" */;
			compatibilityVersion = "Xcode 3.2";
			developmentRegion = English;
			hasScannedForEncodings = 0;
			knownRegions = (
				en,
				Base,
			);
			mainGroup = BB00B9411D213948008B1135;
			productRefGroup = BB00B94B1D213948008B1135 /* Products */;
			projectDirPath = "";
			projectRoot = "";
			targets = (
				BB00B9491D213948008B1135 /* Sheets */,
			);
		};
/* End PBXProject section */

/* Begin PBXResourcesBuildPhase section */
		BB00B9481D213948008B1135 /* Resources */ = {
			isa = PBXResourcesBuildPhase;
			buildActionMask = 2147483647;
			files = (
				BBF69E6D1D78CEE90038DD3D /* Keys.txt in Resources */,
				BBF4D0521D22740600C85784 /* GTMOAuth2ViewTouch.xib in Resources */,
				BBF46FDE1D6B39F700936844 /* MusicalForms.txt in Resources */,
				BBF46FE01D6B3A0900936844 /* Tempo.txt in Resources */,
				BB00B9581D213948008B1135 /* LaunchScreen.storyboard in Resources */,
				BBF46FDC1D6B39DF00936844 /* Composers.txt in Resources */,
				BB00B9551D213948008B1135 /* Assets.xcassets in Resources */,
				BB00B9531D213948008B1135 /* Main.storyboard in Resources */,
				BBF69E691D780BBA0038DD3D /* Instruments.txt in Resources */,
				BBF0FEBF1D7628C40076F59E /* NamingPresets.txt in Resources */,
			);
			runOnlyForDeploymentPostprocessing = 0;
		};
/* End PBXResourcesBuildPhase section */

/* Begin PBXShellScriptBuildPhase section */
		96D74ED7F67977EFE893B537 /* [CP] Copy Pods Resources */ = {
			isa = PBXShellScriptBuildPhase;
			buildActionMask = 2147483647;
			files = (
			);
			inputPaths = (
			);
			name = "[CP] Copy Pods Resources";
			outputPaths = (
			);
			runOnlyForDeploymentPostprocessing = 0;
			shellPath = /bin/sh;
			shellScript = "\"${SRCROOT}/Pods/Target Support Files/Pods-Sheets/Pods-Sheets-resources.sh\"\n";
			showEnvVarsInLog = 0;
		};
		B8B04AC039CC9CAC44DE62D0 /* [CP] Check Pods Manifest.lock */ = {
			isa = PBXShellScriptBuildPhase;
			buildActionMask = 2147483647;
			files = (
			);
			inputPaths = (
			);
			name = "[CP] Check Pods Manifest.lock";
			outputPaths = (
			);
			runOnlyForDeploymentPostprocessing = 0;
			shellPath = /bin/sh;
			shellScript = "diff \"${PODS_ROOT}/../Podfile.lock\" \"${PODS_ROOT}/Manifest.lock\" > /dev/null\nif [[ $? != 0 ]] ; then\n    cat << EOM\nerror: The sandbox is not in sync with the Podfile.lock. Run 'pod install' or update your CocoaPods installation.\nEOM\n    exit 1\nfi\n";
			showEnvVarsInLog = 0;
		};
		E8D6563CBF2F3C361804835F /* [CP] Embed Pods Frameworks */ = {
			isa = PBXShellScriptBuildPhase;
			buildActionMask = 2147483647;
			files = (
			);
			inputPaths = (
			);
			name = "[CP] Embed Pods Frameworks";
			outputPaths = (
			);
			runOnlyForDeploymentPostprocessing = 0;
			shellPath = /bin/sh;
			shellScript = "\"${SRCROOT}/Pods/Target Support Files/Pods-Sheets/Pods-Sheets-frameworks.sh\"\n";
			showEnvVarsInLog = 0;
		};
/* End PBXShellScriptBuildPhase section */

/* Begin PBXSourcesBuildPhase section */
		BB00B9461D213948008B1135 /* Sources */ = {
			isa = PBXSourcesBuildPhase;
			buildActionMask = 2147483647;
			files = (
				BB3F49E31D6A1554005C9F48 /* VFRController.swift in Sources */,
				BBF1B1731D7753F200A624C3 /* AutocompleteUITextField.swift in Sources */,
				BB3F49DF1D69BCAB005C9F48 /* Reachability.swift in Sources */,
				BBF467F61D5D194000913CAD /* SWRevealViewController.m in Sources */,
				BBFBB3BF1DA43D3300C6372D /* UIImage+Scale.swift in Sources */,
				BBF6DBF81D7A1834005DC2E9 /* SheetThumbCell.swift in Sources */,
				BBF5F30F1D64DE9B003C3C26 /* DataManager.swift in Sources */,
				BBF69E6B1D783C180038DD3D /* NamingManager.swift in Sources */,
				BB4118801D2D1A7100168B76 /* RenameViewController.swift in Sources */,
				BB5E09611D7C24F600FB6FFF /* SyncViewController.swift in Sources */,
				BB40ED861D847CF5006A49A1 /* ComposersViewController.swift in Sources */,
				BBF5AFED1D60AB4A00A0645F /* FilterViewController.swift in Sources */,
				BB00B9501D213948008B1135 /* MainViewController.swift in Sources */,
				BBEFA78B1D2A5863007DA3A7 /* File.swift in Sources */,
				BBF397261D63B26B0023C298 /* DownloadViewController.swift in Sources */,
				BB3F49E11D6A148E005C9F48 /* Extensions.swift in Sources */,
				BB00B94E1D213948008B1135 /* AppDelegate.swift in Sources */,
				BBF467F91D5E683A00913CAD /* SidebarViewController.swift in Sources */,
				BBF0A2CE1D67771B00D65ECB /* SetupViewController.swift in Sources */,
				BB5B07191D5F8BF20036E194 /* SettingsViewController.swift in Sources */,
				BB40ED881D848912006A49A1 /* SheetSectionHeader.swift in Sources */,
			);
			runOnlyForDeploymentPostprocessing = 0;
		};
/* End PBXSourcesBuildPhase section */

/* Begin PBXVariantGroup section */
		BB00B9511D213948008B1135 /* Main.storyboard */ = {
			isa = PBXVariantGroup;
			children = (
				BB00B9521D213948008B1135 /* Base */,
			);
			name = Main.storyboard;
			sourceTree = "<group>";
		};
		BB00B9561D213948008B1135 /* LaunchScreen.storyboard */ = {
			isa = PBXVariantGroup;
			children = (
				BB00B9571D213948008B1135 /* Base */,
			);
			name = LaunchScreen.storyboard;
			sourceTree = "<group>";
		};
/* End PBXVariantGroup section */

/* Begin XCBuildConfiguration section */
		BB00B9701D213948008B1135 /* Debug */ = {
			isa = XCBuildConfiguration;
			buildSettings = {
				ALWAYS_SEARCH_USER_PATHS = NO;
				CLANG_CXX_LANGUAGE_STANDARD = "gnu++0x";
				CLANG_CXX_LIBRARY = "libc++";
				CLANG_ENABLE_MODULES = YES;
				CLANG_ENABLE_OBJC_ARC = YES;
				CLANG_WARN_BOOL_CONVERSION = YES;
				CLANG_WARN_CONSTANT_CONVERSION = YES;
				CLANG_WARN_DIRECT_OBJC_ISA_USAGE = YES_ERROR;
				CLANG_WARN_EMPTY_BODY = YES;
				CLANG_WARN_ENUM_CONVERSION = YES;
				CLANG_WARN_INT_CONVERSION = YES;
				CLANG_WARN_OBJC_ROOT_CLASS = YES_ERROR;
				CLANG_WARN_UNREACHABLE_CODE = YES;
				CLANG_WARN__DUPLICATE_METHOD_MATCH = YES;
				CODE_SIGN_IDENTITY = "iPhone Developer";
				"CODE_SIGN_IDENTITY[sdk=iphoneos*]" = "iPhone Developer";
				COPY_PHASE_STRIP = NO;
				DEBUG_INFORMATION_FORMAT = dwarf;
				DEVELOPMENT_TEAM = 9JYRND24N9;
				ENABLE_STRICT_OBJC_MSGSEND = YES;
				ENABLE_TESTABILITY = YES;
				GCC_C_LANGUAGE_STANDARD = gnu99;
				GCC_DYNAMIC_NO_PIC = NO;
				GCC_NO_COMMON_BLOCKS = YES;
				GCC_OPTIMIZATION_LEVEL = 0;
				GCC_PREPROCESSOR_DEFINITIONS = (
					"DEBUG=1",
					"$(inherited)",
				);
				GCC_WARN_64_TO_32_BIT_CONVERSION = YES;
				GCC_WARN_ABOUT_RETURN_TYPE = YES_ERROR;
				GCC_WARN_UNDECLARED_SELECTOR = YES;
				GCC_WARN_UNINITIALIZED_AUTOS = YES_AGGRESSIVE;
				GCC_WARN_UNUSED_FUNCTION = YES;
				GCC_WARN_UNUSED_VARIABLE = YES;
				IPHONEOS_DEPLOYMENT_TARGET = 9.2;
				MTL_ENABLE_DEBUG_INFO = YES;
				ONLY_ACTIVE_ARCH = YES;
				SDKROOT = iphoneos;
				SWIFT_OPTIMIZATION_LEVEL = "-Onone";
				TARGETED_DEVICE_FAMILY = "1,2";
			};
			name = Debug;
		};
		BB00B9711D213948008B1135 /* Release */ = {
			isa = XCBuildConfiguration;
			buildSettings = {
				ALWAYS_SEARCH_USER_PATHS = NO;
				CLANG_CXX_LANGUAGE_STANDARD = "gnu++0x";
				CLANG_CXX_LIBRARY = "libc++";
				CLANG_ENABLE_MODULES = YES;
				CLANG_ENABLE_OBJC_ARC = YES;
				CLANG_WARN_BOOL_CONVERSION = YES;
				CLANG_WARN_CONSTANT_CONVERSION = YES;
				CLANG_WARN_DIRECT_OBJC_ISA_USAGE = YES_ERROR;
				CLANG_WARN_EMPTY_BODY = YES;
				CLANG_WARN_ENUM_CONVERSION = YES;
				CLANG_WARN_INT_CONVERSION = YES;
				CLANG_WARN_OBJC_ROOT_CLASS = YES_ERROR;
				CLANG_WARN_UNREACHABLE_CODE = YES;
				CLANG_WARN__DUPLICATE_METHOD_MATCH = YES;
				CODE_SIGN_IDENTITY = "iPhone Distribution: Keiwan Donyagard (ERZXMZEK56)";
				"CODE_SIGN_IDENTITY[sdk=iphoneos*]" = "iPhone Distribution: Keiwan Donyagard (ERZXMZEK56)";
				COPY_PHASE_STRIP = NO;
				DEBUG_INFORMATION_FORMAT = "dwarf-with-dsym";
				DEVELOPMENT_TEAM = 9JYRND24N9;
				ENABLE_NS_ASSERTIONS = NO;
				ENABLE_STRICT_OBJC_MSGSEND = YES;
				GCC_C_LANGUAGE_STANDARD = gnu99;
				GCC_NO_COMMON_BLOCKS = YES;
				GCC_OPTIMIZATION_LEVEL = s;
				GCC_WARN_64_TO_32_BIT_CONVERSION = YES;
				GCC_WARN_ABOUT_RETURN_TYPE = YES_ERROR;
				GCC_WARN_UNDECLARED_SELECTOR = YES;
				GCC_WARN_UNINITIALIZED_AUTOS = YES_AGGRESSIVE;
				GCC_WARN_UNUSED_FUNCTION = YES;
				GCC_WARN_UNUSED_VARIABLE = YES;
				IPHONEOS_DEPLOYMENT_TARGET = 9.2;
				MTL_ENABLE_DEBUG_INFO = NO;
				ONLY_ACTIVE_ARCH = YES;
				SDKROOT = iphoneos;
				TARGETED_DEVICE_FAMILY = "1,2";
				VALIDATE_PRODUCT = YES;
			};
			name = Release;
		};
		BB00B9731D213948008B1135 /* Debug */ = {
			isa = XCBuildConfiguration;
			baseConfigurationReference = DB8C99F99D13F66371AE4635 /* Pods-Sheets.debug.xcconfig */;
			buildSettings = {
				ASSETCATALOG_COMPILER_APPICON_NAME = AppIcon;
				CLANG_ENABLE_MODULES = YES;
				CODE_SIGN_ENTITLEMENTS = Sheets/Sheets.entitlements;
				CODE_SIGN_IDENTITY = "iPhone Developer";
				"CODE_SIGN_IDENTITY[sdk=iphoneos*]" = "iPhone Developer";
				DEFINES_MODULE = YES;
				DEVELOPMENT_TEAM = "";
				EMBEDDED_CONTENT_CONTAINS_SWIFT = YES;
				GCC_OPTIMIZATION_LEVEL = 0;
				INFOPLIST_FILE = Sheets/Info.plist;
				IPHONEOS_DEPLOYMENT_TARGET = 8.0;
				LD_RUNPATH_SEARCH_PATHS = "$(inherited) @executable_path/Frameworks";
				PRODUCT_BUNDLE_IDENTIFIER = com.keiwando.Sheets;
				PRODUCT_NAME = "$(TARGET_NAME)";
				PROVISIONING_PROFILE = "";
				PROVISIONING_PROFILE_SPECIFIER = "";
				SWIFT_OBJC_BRIDGING_HEADER = "Sheets/Sheets-Bridging-Header.h";
				SWIFT_OPTIMIZATION_LEVEL = "-Onone";
				SWIFT_VERSION = 3.0;
				TARGETED_DEVICE_FAMILY = 2;
			};
			name = Debug;
		};
		BB00B9741D213948008B1135 /* Release */ = {
			isa = XCBuildConfiguration;
			baseConfigurationReference = 82B72E7257CF88C3C81CC597 /* Pods-Sheets.release.xcconfig */;
			buildSettings = {
				ASSETCATALOG_COMPILER_APPICON_NAME = AppIcon;
				CLANG_ENABLE_MODULES = YES;
				CODE_SIGN_ENTITLEMENTS = Sheets/Sheets.entitlements;
				CODE_SIGN_IDENTITY = "iPhone Distribution: Keiwan Donyagard (ERZXMZEK56)";
				"CODE_SIGN_IDENTITY[sdk=iphoneos*]" = "iPhone Developer";
				DEFINES_MODULE = YES;
				DEVELOPMENT_TEAM = "";
				EMBEDDED_CONTENT_CONTAINS_SWIFT = YES;
				GCC_OPTIMIZATION_LEVEL = s;
				INFOPLIST_FILE = Sheets/Info.plist;
				IPHONEOS_DEPLOYMENT_TARGET = 8.0;
				LD_RUNPATH_SEARCH_PATHS = "$(inherited) @executable_path/Frameworks";
				PRODUCT_BUNDLE_IDENTIFIER = com.keiwando.Sheets;
				PRODUCT_NAME = "$(TARGET_NAME)";
				PROVISIONING_PROFILE = "";
				PROVISIONING_PROFILE_SPECIFIER = "";
				SWIFT_OBJC_BRIDGING_HEADER = "Sheets/Sheets-Bridging-Header.h";
				SWIFT_OPTIMIZATION_LEVEL = "-Owholemodule";
				SWIFT_VERSION = 3.0;
				TARGETED_DEVICE_FAMILY = 2;
			};
			name = Release;
		};
/* End XCBuildConfiguration section */

/* Begin XCConfigurationList section */
		BB00B9451D213948008B1135 /* Build configuration list for PBXProject "Sheets" */ = {
			isa = XCConfigurationList;
			buildConfigurations = (
				BB00B9701D213948008B1135 /* Debug */,
				BB00B9711D213948008B1135 /* Release */,
			);
			defaultConfigurationIsVisible = 0;
			defaultConfigurationName = Release;
		};
		BB00B9721D213948008B1135 /* Build configuration list for PBXNativeTarget "Sheets" */ = {
			isa = XCConfigurationList;
			buildConfigurations = (
				BB00B9731D213948008B1135 /* Debug */,
				BB00B9741D213948008B1135 /* Release */,
			);
			defaultConfigurationIsVisible = 0;
			defaultConfigurationName = Release;
		};
/* End XCConfigurationList section */
	};
	rootObject = BB00B9421D213948008B1135 /* Project object */;
}
