// !$*UTF8*$!
{
	archiveVersion = 1;
	classes = {
	};
	objectVersion = 46;
	objects = {

/* Begin PBXBuildFile section */
		BB00B94E1D213948008B1135 /* AppDelegate.swift in Sources */ = {isa = PBXBuildFile; fileRef = BB00B94D1D213948008B1135 /* AppDelegate.swift */; };
		BB00B9501D213948008B1135 /* ViewController.swift in Sources */ = {isa = PBXBuildFile; fileRef = BB00B94F1D213948008B1135 /* ViewController.swift */; };
		BB00B9531D213948008B1135 /* Main.storyboard in Resources */ = {isa = PBXBuildFile; fileRef = BB00B9511D213948008B1135 /* Main.storyboard */; };
		BB00B9551D213948008B1135 /* Assets.xcassets in Resources */ = {isa = PBXBuildFile; fileRef = BB00B9541D213948008B1135 /* Assets.xcassets */; };
		BB00B9581D213948008B1135 /* LaunchScreen.storyboard in Resources */ = {isa = PBXBuildFile; fileRef = BB00B9561D213948008B1135 /* LaunchScreen.storyboard */; };
		BB00B9631D213948008B1135 /* SheetsTests.swift in Sources */ = {isa = PBXBuildFile; fileRef = BB00B9621D213948008B1135 /* SheetsTests.swift */; };
		BB00B96E1D213948008B1135 /* SheetsUITests.swift in Sources */ = {isa = PBXBuildFile; fileRef = BB00B96D1D213948008B1135 /* SheetsUITests.swift */; };
		BB4118801D2D1A7100168B76 /* RenameViewController.swift in Sources */ = {isa = PBXBuildFile; fileRef = BB41187F1D2D1A7100168B76 /* RenameViewController.swift */; };
		BB4118821D2D9D4300168B76 /* SheetReaderViewController.swift in Sources */ = {isa = PBXBuildFile; fileRef = BB4118811D2D9D4300168B76 /* SheetReaderViewController.swift */; };
		BBEFA78B1D2A5863007DA3A7 /* File.swift in Sources */ = {isa = PBXBuildFile; fileRef = BBEFA78A1D2A5863007DA3A7 /* File.swift */; };
		BBEFA78F1D2A5DFE007DA3A7 /* NameConstants.swift in Sources */ = {isa = PBXBuildFile; fileRef = BBEFA78E1D2A5DFE007DA3A7 /* NameConstants.swift */; };
		BBF4D0521D22740600C85784 /* GTMOAuth2ViewTouch.xib in Resources */ = {isa = PBXBuildFile; fileRef = BBF4D0511D22740600C85784 /* GTMOAuth2ViewTouch.xib */; };
		F335D8FB3930858798FEE27F /* Pods_Sheets.framework in Frameworks */ = {isa = PBXBuildFile; fileRef = 0ED0341CC43A387ABAC40C75 /* Pods_Sheets.framework */; };
/* End PBXBuildFile section */

/* Begin PBXContainerItemProxy section */
		BB00B95F1D213948008B1135 /* PBXContainerItemProxy */ = {
			isa = PBXContainerItemProxy;
			containerPortal = BB00B9421D213948008B1135 /* Project object */;
			proxyType = 1;
			remoteGlobalIDString = BB00B9491D213948008B1135;
			remoteInfo = Sheets;
		};
		BB00B96A1D213948008B1135 /* PBXContainerItemProxy */ = {
			isa = PBXContainerItemProxy;
			containerPortal = BB00B9421D213948008B1135 /* Project object */;
			proxyType = 1;
			remoteGlobalIDString = BB00B9491D213948008B1135;
			remoteInfo = Sheets;
		};
/* End PBXContainerItemProxy section */

/* Begin PBXFileReference section */
		0ED0341CC43A387ABAC40C75 /* Pods_Sheets.framework */ = {isa = PBXFileReference; explicitFileType = wrapper.framework; includeInIndex = 0; path = Pods_Sheets.framework; sourceTree = BUILT_PRODUCTS_DIR; };
		29E37FB41D9750B6A429F06F /* Pods_SheetsUITests.framework */ = {isa = PBXFileReference; explicitFileType = wrapper.framework; includeInIndex = 0; path = Pods_SheetsUITests.framework; sourceTree = BUILT_PRODUCTS_DIR; };
		725D855FDE3954F9DDD27E1D /* Pods_SheetsTests.framework */ = {isa = PBXFileReference; explicitFileType = wrapper.framework; includeInIndex = 0; path = Pods_SheetsTests.framework; sourceTree = BUILT_PRODUCTS_DIR; };
		82B72E7257CF88C3C81CC597 /* Pods-Sheets.release.xcconfig */ = {isa = PBXFileReference; includeInIndex = 1; lastKnownFileType = text.xcconfig; name = "Pods-Sheets.release.xcconfig"; path = "Pods/Target Support Files/Pods-Sheets/Pods-Sheets.release.xcconfig"; sourceTree = "<group>"; };
		BB00B94A1D213948008B1135 /* Sheets.app */ = {isa = PBXFileReference; explicitFileType = wrapper.application; includeInIndex = 0; path = Sheets.app; sourceTree = BUILT_PRODUCTS_DIR; };
		BB00B94D1D213948008B1135 /* AppDelegate.swift */ = {isa = PBXFileReference; lastKnownFileType = sourcecode.swift; path = AppDelegate.swift; sourceTree = "<group>"; };
		BB00B94F1D213948008B1135 /* ViewController.swift */ = {isa = PBXFileReference; lastKnownFileType = sourcecode.swift; path = ViewController.swift; sourceTree = "<group>"; };
		BB00B9521D213948008B1135 /* Base */ = {isa = PBXFileReference; lastKnownFileType = file.storyboard; name = Base; path = Base.lproj/Main.storyboard; sourceTree = "<group>"; };
		BB00B9541D213948008B1135 /* Assets.xcassets */ = {isa = PBXFileReference; lastKnownFileType = folder.assetcatalog; path = Assets.xcassets; sourceTree = "<group>"; };
		BB00B9571D213948008B1135 /* Base */ = {isa = PBXFileReference; lastKnownFileType = file.storyboard; name = Base; path = Base.lproj/LaunchScreen.storyboard; sourceTree = "<group>"; };
		BB00B9591D213948008B1135 /* Info.plist */ = {isa = PBXFileReference; lastKnownFileType = text.plist.xml; path = Info.plist; sourceTree = "<group>"; };
		BB00B95E1D213948008B1135 /* SheetsTests.xctest */ = {isa = PBXFileReference; explicitFileType = wrapper.cfbundle; includeInIndex = 0; path = SheetsTests.xctest; sourceTree = BUILT_PRODUCTS_DIR; };
		BB00B9621D213948008B1135 /* SheetsTests.swift */ = {isa = PBXFileReference; lastKnownFileType = sourcecode.swift; path = SheetsTests.swift; sourceTree = "<group>"; };
		BB00B9641D213948008B1135 /* Info.plist */ = {isa = PBXFileReference; lastKnownFileType = text.plist.xml; path = Info.plist; sourceTree = "<group>"; };
		BB00B9691D213948008B1135 /* SheetsUITests.xctest */ = {isa = PBXFileReference; explicitFileType = wrapper.cfbundle; includeInIndex = 0; path = SheetsUITests.xctest; sourceTree = BUILT_PRODUCTS_DIR; };
		BB00B96D1D213948008B1135 /* SheetsUITests.swift */ = {isa = PBXFileReference; lastKnownFileType = sourcecode.swift; path = SheetsUITests.swift; sourceTree = "<group>"; };
		BB00B96F1D213948008B1135 /* Info.plist */ = {isa = PBXFileReference; lastKnownFileType = text.plist.xml; path = Info.plist; sourceTree = "<group>"; };
		BB08F07B1D33909F00D1ABCE /* Sheets-Bridging-Header.h */ = {isa = PBXFileReference; lastKnownFileType = sourcecode.c.h; path = "Sheets-Bridging-Header.h"; sourceTree = "<group>"; };
		BB41187F1D2D1A7100168B76 /* RenameViewController.swift */ = {isa = PBXFileReference; fileEncoding = 4; lastKnownFileType = sourcecode.swift; path = RenameViewController.swift; sourceTree = "<group>"; };
		BB4118811D2D9D4300168B76 /* SheetReaderViewController.swift */ = {isa = PBXFileReference; fileEncoding = 4; lastKnownFileType = sourcecode.swift; path = SheetReaderViewController.swift; sourceTree = "<group>"; };
		BBEFA78A1D2A5863007DA3A7 /* File.swift */ = {isa = PBXFileReference; fileEncoding = 4; lastKnownFileType = sourcecode.swift; path = File.swift; sourceTree = "<group>"; };
		BBEFA78E1D2A5DFE007DA3A7 /* NameConstants.swift */ = {isa = PBXFileReference; fileEncoding = 4; lastKnownFileType = sourcecode.swift; path = NameConstants.swift; sourceTree = "<group>"; };
		BBF4D0511D22740600C85784 /* GTMOAuth2ViewTouch.xib */ = {isa = PBXFileReference; fileEncoding = 4; lastKnownFileType = file.xib; path = GTMOAuth2ViewTouch.xib; sourceTree = "<group>"; };
		DB8C99F99D13F66371AE4635 /* Pods-Sheets.debug.xcconfig */ = {isa = PBXFileReference; includeInIndex = 1; lastKnownFileType = text.xcconfig; name = "Pods-Sheets.debug.xcconfig"; path = "Pods/Target Support Files/Pods-Sheets/Pods-Sheets.debug.xcconfig"; sourceTree = "<group>"; };
/* End PBXFileReference section */

/* Begin PBXFrameworksBuildPhase section */
		BB00B9471D213948008B1135 /* Frameworks */ = {
			isa = PBXFrameworksBuildPhase;
			buildActionMask = 2147483647;
			files = (
				F335D8FB3930858798FEE27F /* Pods_Sheets.framework in Frameworks */,
			);
			runOnlyForDeploymentPostprocessing = 0;
		};
		BB00B95B1D213948008B1135 /* Frameworks */ = {
			isa = PBXFrameworksBuildPhase;
			buildActionMask = 2147483647;
			files = (
			);
			runOnlyForDeploymentPostprocessing = 0;
		};
		BB00B9661D213948008B1135 /* Frameworks */ = {
			isa = PBXFrameworksBuildPhase;
			buildActionMask = 2147483647;
			files = (
			);
			runOnlyForDeploymentPostprocessing = 0;
		};
/* End PBXFrameworksBuildPhase section */

/* Begin PBXGroup section */
		0D95E04EA1B17BBF063C927F /* Frameworks */ = {
			isa = PBXGroup;
			children = (
				0ED0341CC43A387ABAC40C75 /* Pods_Sheets.framework */,
				725D855FDE3954F9DDD27E1D /* Pods_SheetsTests.framework */,
				29E37FB41D9750B6A429F06F /* Pods_SheetsUITests.framework */,
			);
			name = Frameworks;
			sourceTree = "<group>";
		};
		9B5BDDB6021ACF16E5D5B3F3 /* Pods */ = {
			isa = PBXGroup;
			children = (
				DB8C99F99D13F66371AE4635 /* Pods-Sheets.debug.xcconfig */,
				82B72E7257CF88C3C81CC597 /* Pods-Sheets.release.xcconfig */,
			);
			name = Pods;
			sourceTree = "<group>";
		};
		BB00B9411D213948008B1135 = {
			isa = PBXGroup;
			children = (
				BB00B94C1D213948008B1135 /* Sheets */,
				BB00B9611D213948008B1135 /* SheetsTests */,
				BB00B96C1D213948008B1135 /* SheetsUITests */,
				BB00B94B1D213948008B1135 /* Products */,
				9B5BDDB6021ACF16E5D5B3F3 /* Pods */,
				0D95E04EA1B17BBF063C927F /* Frameworks */,
			);
			sourceTree = "<group>";
		};
		BB00B94B1D213948008B1135 /* Products */ = {
			isa = PBXGroup;
			children = (
				BB00B94A1D213948008B1135 /* Sheets.app */,
				BB00B95E1D213948008B1135 /* SheetsTests.xctest */,
				BB00B9691D213948008B1135 /* SheetsUITests.xctest */,
			);
			name = Products;
			sourceTree = "<group>";
		};
		BB00B94C1D213948008B1135 /* Sheets */ = {
			isa = PBXGroup;
			children = (
				BBEFA78E1D2A5DFE007DA3A7 /* NameConstants.swift */,
				BBEFA78A1D2A5863007DA3A7 /* File.swift */,
				BB00B94D1D213948008B1135 /* AppDelegate.swift */,
				BB00B94F1D213948008B1135 /* ViewController.swift */,
				BB41187F1D2D1A7100168B76 /* RenameViewController.swift */,
				BB00B9511D213948008B1135 /* Main.storyboard */,
				BB00B9541D213948008B1135 /* Assets.xcassets */,
				BB00B9561D213948008B1135 /* LaunchScreen.storyboard */,
				BBF4D0511D22740600C85784 /* GTMOAuth2ViewTouch.xib */,
				BB00B9591D213948008B1135 /* Info.plist */,
				BB4118811D2D9D4300168B76 /* SheetReaderViewController.swift */,
				BB08F07B1D33909F00D1ABCE /* Sheets-Bridging-Header.h */,
			);
			path = Sheets;
			sourceTree = "<group>";
		};
		BB00B9611D213948008B1135 /* SheetsTests */ = {
			isa = PBXGroup;
			children = (
				BB00B9621D213948008B1135 /* SheetsTests.swift */,
				BB00B9641D213948008B1135 /* Info.plist */,
			);
			path = SheetsTests;
			sourceTree = "<group>";
		};
		BB00B96C1D213948008B1135 /* SheetsUITests */ = {
			isa = PBXGroup;
			children = (
				BB00B96D1D213948008B1135 /* SheetsUITests.swift */,
				BB00B96F1D213948008B1135 /* Info.plist */,
			);
			path = SheetsUITests;
			sourceTree = "<group>";
		};
/* End PBXGroup section */

/* Begin PBXNativeTarget section */
		BB00B9491D213948008B1135 /* Sheets */ = {
			isa = PBXNativeTarget;
			buildConfigurationList = BB00B9721D213948008B1135 /* Build configuration list for PBXNativeTarget "Sheets" */;
			buildPhases = (
				B8B04AC039CC9CAC44DE62D0 /* [CP] Check Pods Manifest.lock */,
				BB00B9461D213948008B1135 /* Sources */,
				BB00B9471D213948008B1135 /* Frameworks */,
				BB00B9481D213948008B1135 /* Resources */,
				E8D6563CBF2F3C361804835F /* [CP] Embed Pods Frameworks */,
				96D74ED7F67977EFE893B537 /* [CP] Copy Pods Resources */,
			);
			buildRules = (
			);
			dependencies = (
			);
			name = Sheets;
			productName = Sheets;
			productReference = BB00B94A1D213948008B1135 /* Sheets.app */;
			productType = "com.apple.product-type.application";
		};
		BB00B95D1D213948008B1135 /* SheetsTests */ = {
			isa = PBXNativeTarget;
			buildConfigurationList = BB00B9751D213948008B1135 /* Build configuration list for PBXNativeTarget "SheetsTests" */;
			buildPhases = (
				23CD7CB8DEADD290F3C4B19E /* [CP] Check Pods Manifest.lock */,
				BB00B95A1D213948008B1135 /* Sources */,
				BB00B95B1D213948008B1135 /* Frameworks */,
				BB00B95C1D213948008B1135 /* Resources */,
				4270E13A95DBC82983130A08 /* [CP] Embed Pods Frameworks */,
				8069D3B17207236DD1AC9CC2 /* [CP] Copy Pods Resources */,
			);
			buildRules = (
			);
			dependencies = (
				BB00B9601D213948008B1135 /* PBXTargetDependency */,
			);
			name = SheetsTests;
			productName = SheetsTests;
			productReference = BB00B95E1D213948008B1135 /* SheetsTests.xctest */;
			productType = "com.apple.product-type.bundle.unit-test";
		};
		BB00B9681D213948008B1135 /* SheetsUITests */ = {
			isa = PBXNativeTarget;
			buildConfigurationList = BB00B9781D213948008B1135 /* Build configuration list for PBXNativeTarget "SheetsUITests" */;
			buildPhases = (
				3D08FB39DFCA9DA4E82B704A /* [CP] Check Pods Manifest.lock */,
				BB00B9651D213948008B1135 /* Sources */,
				BB00B9661D213948008B1135 /* Frameworks */,
				BB00B9671D213948008B1135 /* Resources */,
				65393716501CF26D458CD8BD /* [CP] Copy Pods Resources */,
			);
			buildRules = (
			);
			dependencies = (
				BB00B96B1D213948008B1135 /* PBXTargetDependency */,
			);
			name = SheetsUITests;
			productName = SheetsUITests;
			productReference = BB00B9691D213948008B1135 /* SheetsUITests.xctest */;
			productType = "com.apple.product-type.bundle.ui-testing";
		};
/* End PBXNativeTarget section */

/* Begin PBXProject section */
		BB00B9421D213948008B1135 /* Project object */ = {
			isa = PBXProject;
			attributes = {
				LastSwiftUpdateCheck = 0720;
				LastUpgradeCheck = 0720;
				ORGANIZATIONNAME = "Keiwan Donyagard";
				TargetAttributes = {
					BB00B9491D213948008B1135 = {
						CreatedOnToolsVersion = 7.2;
						DevelopmentTeam = BSDC579R9W;
					};
					BB00B95D1D213948008B1135 = {
						CreatedOnToolsVersion = 7.2;
						DevelopmentTeam = BSDC579R9W;
						TestTargetID = BB00B9491D213948008B1135;
					};
					BB00B9681D213948008B1135 = {
						CreatedOnToolsVersion = 7.2;
						DevelopmentTeam = BSDC579R9W;
						TestTargetID = BB00B9491D213948008B1135;
					};
				};
			};
			buildConfigurationList = BB00B9451D213948008B1135 /* Build configuration list for PBXProject "Sheets" */;
			compatibilityVersion = "Xcode 3.2";
			developmentRegion = English;
			hasScannedForEncodings = 0;
			knownRegions = (
				en,
				Base,
			);
			mainGroup = BB00B9411D213948008B1135;
			productRefGroup = BB00B94B1D213948008B1135 /* Products */;
			projectDirPath = "";
			projectRoot = "";
			targets = (
				BB00B9491D213948008B1135 /* Sheets */,
				BB00B95D1D213948008B1135 /* SheetsTests */,
				BB00B9681D213948008B1135 /* SheetsUITests */,
			);
		};
/* End PBXProject section */

/* Begin PBXResourcesBuildPhase section */
		BB00B9481D213948008B1135 /* Resources */ = {
			isa = PBXResourcesBuildPhase;
			buildActionMask = 2147483647;
			files = (
				BBF4D0521D22740600C85784 /* GTMOAuth2ViewTouch.xib in Resources */,
				BB00B9581D213948008B1135 /* LaunchScreen.storyboard in Resources */,
				BB00B9551D213948008B1135 /* Assets.xcassets in Resources */,
				BB00B9531D213948008B1135 /* Main.storyboard in Resources */,
			);
			runOnlyForDeploymentPostprocessing = 0;
		};
		BB00B95C1D213948008B1135 /* Resources */ = {
			isa = PBXResourcesBuildPhase;
			buildActionMask = 2147483647;
			files = (
			);
			runOnlyForDeploymentPostprocessing = 0;
		};
		BB00B9671D213948008B1135 /* Resources */ = {
			isa = PBXResourcesBuildPhase;
			buildActionMask = 2147483647;
			files = (
			);
			runOnlyForDeploymentPostprocessing = 0;
		};
/* End PBXResourcesBuildPhase section */

/* Begin PBXShellScriptBuildPhase section */
		23CD7CB8DEADD290F3C4B19E /* [CP] Check Pods Manifest.lock */ = {
			isa = PBXShellScriptBuildPhase;
			buildActionMask = 2147483647;
			files = (
			);
			inputPaths = (
			);
			name = "[CP] Check Pods Manifest.lock";
			outputPaths = (
			);
			runOnlyForDeploymentPostprocessing = 0;
			shellPath = /bin/sh;
			shellScript = "diff \"${PODS_ROOT}/../Podfile.lock\" \"${PODS_ROOT}/Manifest.lock\" > /dev/null\nif [[ $? != 0 ]] ; then\n    cat << EOM\nerror: The sandbox is not in sync with the Podfile.lock. Run 'pod install' or update your CocoaPods installation.\nEOM\n    exit 1\nfi\n";
			showEnvVarsInLog = 0;
		};
		3D08FB39DFCA9DA4E82B704A /* [CP] Check Pods Manifest.lock */ = {
			isa = PBXShellScriptBuildPhase;
			buildActionMask = 2147483647;
			files = (
			);
			inputPaths = (
			);
			name = "[CP] Check Pods Manifest.lock";
			outputPaths = (
			);
			runOnlyForDeploymentPostprocessing = 0;
			shellPath = /bin/sh;
			shellScript = "diff \"${PODS_ROOT}/../Podfile.lock\" \"${PODS_ROOT}/Manifest.lock\" > /dev/null\nif [[ $? != 0 ]] ; then\n    cat << EOM\nerror: The sandbox is not in sync with the Podfile.lock. Run 'pod install' or update your CocoaPods installation.\nEOM\n    exit 1\nfi\n";
			showEnvVarsInLog = 0;
		};
		4270E13A95DBC82983130A08 /* [CP] Embed Pods Frameworks */ = {
			isa = PBXShellScriptBuildPhase;
			buildActionMask = 2147483647;
			files = (
			);
			inputPaths = (
			);
			name = "[CP] Embed Pods Frameworks";
			outputPaths = (
			);
			runOnlyForDeploymentPostprocessing = 0;
			shellPath = /bin/sh;
			shellScript = "\"${SRCROOT}/Pods/Target Support Files/Pods-SheetsTests/Pods-SheetsTests-frameworks.sh\"\n";
			showEnvVarsInLog = 0;
		};
		65393716501CF26D458CD8BD /* [CP] Copy Pods Resources */ = {
			isa = PBXShellScriptBuildPhase;
			buildActionMask = 2147483647;
			files = (
			);
			inputPaths = (
			);
			name = "[CP] Copy Pods Resources";
			outputPaths = (
			);
			runOnlyForDeploymentPostprocessing = 0;
			shellPath = /bin/sh;
			shellScript = "\"${SRCROOT}/Pods/Target Support Files/Pods-SheetsUITests/Pods-SheetsUITests-resources.sh\"\n";
			showEnvVarsInLog = 0;
		};
		8069D3B17207236DD1AC9CC2 /* [CP] Copy Pods Resources */ = {
			isa = PBXShellScriptBuildPhase;
			buildActionMask = 2147483647;
			files = (
			);
			inputPaths = (
			);
			name = "[CP] Copy Pods Resources";
			outputPaths = (
			);
			runOnlyForDeploymentPostprocessing = 0;
			shellPath = /bin/sh;
			shellScript = "\"${SRCROOT}/Pods/Target Support Files/Pods-SheetsTests/Pods-SheetsTests-resources.sh\"\n";
			showEnvVarsInLog = 0;
		};
		96D74ED7F67977EFE893B537 /* [CP] Copy Pods Resources */ = {
			isa = PBXShellScriptBuildPhase;
			buildActionMask = 2147483647;
			files = (
			);
			inputPaths = (
			);
			name = "[CP] Copy Pods Resources";
			outputPaths = (
			);
			runOnlyForDeploymentPostprocessing = 0;
			shellPath = /bin/sh;
			shellScript = "\"${SRCROOT}/Pods/Target Support Files/Pods-Sheets/Pods-Sheets-resources.sh\"\n";
			showEnvVarsInLog = 0;
		};
		B8B04AC039CC9CAC44DE62D0 /* [CP] Check Pods Manifest.lock */ = {
			isa = PBXShellScriptBuildPhase;
			buildActionMask = 2147483647;
			files = (
			);
			inputPaths = (
			);
			name = "[CP] Check Pods Manifest.lock";
			outputPaths = (
			);
			runOnlyForDeploymentPostprocessing = 0;
			shellPath = /bin/sh;
			shellScript = "diff \"${PODS_ROOT}/../Podfile.lock\" \"${PODS_ROOT}/Manifest.lock\" > /dev/null\nif [[ $? != 0 ]] ; then\n    cat << EOM\nerror: The sandbox is not in sync with the Podfile.lock. Run 'pod install' or update your CocoaPods installation.\nEOM\n    exit 1\nfi\n";
			showEnvVarsInLog = 0;
		};
		E8D6563CBF2F3C361804835F /* [CP] Embed Pods Frameworks */ = {
			isa = PBXShellScriptBuildPhase;
			buildActionMask = 2147483647;
			files = (
			);
			inputPaths = (
			);
			name = "[CP] Embed Pods Frameworks";
			outputPaths = (
			);
			runOnlyForDeploymentPostprocessing = 0;
			shellPath = /bin/sh;
			shellScript = "\"${SRCROOT}/Pods/Target Support Files/Pods-Sheets/Pods-Sheets-frameworks.sh\"\n";
			showEnvVarsInLog = 0;
		};
/* End PBXShellScriptBuildPhase section */

/* Begin PBXSourcesBuildPhase section */
		BB00B9461D213948008B1135 /* Sources */ = {
			isa = PBXSourcesBuildPhase;
			buildActionMask = 2147483647;
			files = (
				BB4118801D2D1A7100168B76 /* RenameViewController.swift in Sources */,
				BB4118821D2D9D4300168B76 /* SheetReaderViewController.swift in Sources */,
				BBEFA78F1D2A5DFE007DA3A7 /* NameConstants.swift in Sources */,
				BB00B9501D213948008B1135 /* ViewController.swift in Sources */,
				BBEFA78B1D2A5863007DA3A7 /* File.swift in Sources */,
				BB00B94E1D213948008B1135 /* AppDelegate.swift in Sources */,
			);
			runOnlyForDeploymentPostprocessing = 0;
		};
		BB00B95A1D213948008B1135 /* Sources */ = {
			isa = PBXSourcesBuildPhase;
			buildActionMask = 2147483647;
			files = (
				BB00B9631D213948008B1135 /* SheetsTests.swift in Sources */,
			);
			runOnlyForDeploymentPostprocessing = 0;
		};
		BB00B9651D213948008B1135 /* Sources */ = {
			isa = PBXSourcesBuildPhase;
			buildActionMask = 2147483647;
			files = (
				BB00B96E1D213948008B1135 /* SheetsUITests.swift in Sources */,
			);
			runOnlyForDeploymentPostprocessing = 0;
		};
/* End PBXSourcesBuildPhase section */

/* Begin PBXTargetDependency section */
		BB00B9601D213948008B1135 /* PBXTargetDependency */ = {
			isa = PBXTargetDependency;
			target = BB00B9491D213948008B1135 /* Sheets */;
			targetProxy = BB00B95F1D213948008B1135 /* PBXContainerItemProxy */;
		};
		BB00B96B1D213948008B1135 /* PBXTargetDependency */ = {
			isa = PBXTargetDependency;
			target = BB00B9491D213948008B1135 /* Sheets */;
			targetProxy = BB00B96A1D213948008B1135 /* PBXContainerItemProxy */;
		};
/* End PBXTargetDependency section */

/* Begin PBXVariantGroup section */
		BB00B9511D213948008B1135 /* Main.storyboard */ = {
			isa = PBXVariantGroup;
			children = (
				BB00B9521D213948008B1135 /* Base */,
			);
			name = Main.storyboard;
			sourceTree = "<group>";
		};
		BB00B9561D213948008B1135 /* LaunchScreen.storyboard */ = {
			isa = PBXVariantGroup;
			children = (
				BB00B9571D213948008B1135 /* Base */,
			);
			name = LaunchScreen.storyboard;
			sourceTree = "<group>";
		};
/* End PBXVariantGroup section */

/* Begin XCBuildConfiguration section */
		BB00B9701D213948008B1135 /* Debug */ = {
			isa = XCBuildConfiguration;
			buildSettings = {
				ALWAYS_SEARCH_USER_PATHS = NO;
				CLANG_CXX_LANGUAGE_STANDARD = "gnu++0x";
				CLANG_CXX_LIBRARY = "libc++";
				CLANG_ENABLE_MODULES = YES;
				CLANG_ENABLE_OBJC_ARC = YES;
				CLANG_WARN_BOOL_CONVERSION = YES;
				CLANG_WARN_CONSTANT_CONVERSION = YES;
				CLANG_WARN_DIRECT_OBJC_ISA_USAGE = YES_ERROR;
				CLANG_WARN_EMPTY_BODY = YES;
				CLANG_WARN_ENUM_CONVERSION = YES;
				CLANG_WARN_INT_CONVERSION = YES;
				CLANG_WARN_OBJC_ROOT_CLASS = YES_ERROR;
				CLANG_WARN_UNREACHABLE_CODE = YES;
				CLANG_WARN__DUPLICATE_METHOD_MATCH = YES;
				"CODE_SIGN_IDENTITY[sdk=iphoneos*]" = "iPhone Developer";
				COPY_PHASE_STRIP = NO;
				DEBUG_INFORMATION_FORMAT = dwarf;
				ENABLE_STRICT_OBJC_MSGSEND = YES;
				ENABLE_TESTABILITY = YES;
				GCC_C_LANGUAGE_STANDARD = gnu99;
				GCC_DYNAMIC_NO_PIC = NO;
				GCC_NO_COMMON_BLOCKS = YES;
				GCC_OPTIMIZATION_LEVEL = 0;
				GCC_PREPROCESSOR_DEFINITIONS = (
					"DEBUG=1",
					"$(inherited)",
				);
				GCC_WARN_64_TO_32_BIT_CONVERSION = YES;
				GCC_WARN_ABOUT_RETURN_TYPE = YES_ERROR;
				GCC_WARN_UNDECLARED_SELECTOR = YES;
				GCC_WARN_UNINITIALIZED_AUTOS = YES_AGGRESSIVE;
				GCC_WARN_UNUSED_FUNCTION = YES;
				GCC_WARN_UNUSED_VARIABLE = YES;
				IPHONEOS_DEPLOYMENT_TARGET = 9.2;
				MTL_ENABLE_DEBUG_INFO = YES;
				ONLY_ACTIVE_ARCH = YES;
				SDKROOT = iphoneos;
				SWIFT_OPTIMIZATION_LEVEL = "-Onone";
				TARGETED_DEVICE_FAMILY = "1,2";
			};
			name = Debug;
		};
		BB00B9711D213948008B1135 /* Release */ = {
			isa = XCBuildConfiguration;
			buildSettings = {
				ALWAYS_SEARCH_USER_PATHS = NO;
				CLANG_CXX_LANGUAGE_STANDARD = "gnu++0x";
				CLANG_CXX_LIBRARY = "libc++";
				CLANG_ENABLE_MODULES = YES;
				CLANG_ENABLE_OBJC_ARC = YES;
				CLANG_WARN_BOOL_CONVERSION = YES;
				CLANG_WARN_CONSTANT_CONVERSION = YES;
				CLANG_WARN_DIRECT_OBJC_ISA_USAGE = YES_ERROR;
				CLANG_WARN_EMPTY_BODY = YES;
				CLANG_WARN_ENUM_CONVERSION = YES;
				CLANG_WARN_INT_CONVERSION = YES;
				CLANG_WARN_OBJC_ROOT_CLASS = YES_ERROR;
				CLANG_WARN_UNREACHABLE_CODE = YES;
				CLANG_WARN__DUPLICATE_METHOD_MATCH = YES;
				"CODE_SIGN_IDENTITY[sdk=iphoneos*]" = "iPhone Developer";
				COPY_PHASE_STRIP = NO;
				DEBUG_INFORMATION_FORMAT = "dwarf-with-dsym";
				ENABLE_NS_ASSERTIONS = NO;
				ENABLE_STRICT_OBJC_MSGSEND = YES;
				GCC_C_LANGUAGE_STANDARD = gnu99;
				GCC_NO_COMMON_BLOCKS = YES;
				GCC_WARN_64_TO_32_BIT_CONVERSION = YES;
				GCC_WARN_ABOUT_RETURN_TYPE = YES_ERROR;
				GCC_WARN_UNDECLARED_SELECTOR = YES;
				GCC_WARN_UNINITIALIZED_AUTOS = YES_AGGRESSIVE;
				GCC_WARN_UNUSED_FUNCTION = YES;
				GCC_WARN_UNUSED_VARIABLE = YES;
				IPHONEOS_DEPLOYMENT_TARGET = 9.2;
				MTL_ENABLE_DEBUG_INFO = NO;
				ONLY_ACTIVE_ARCH = YES;
				SDKROOT = iphoneos;
				TARGETED_DEVICE_FAMILY = "1,2";
				VALIDATE_PRODUCT = YES;
			};
			name = Release;
		};
		BB00B9731D213948008B1135 /* Debug */ = {
			isa = XCBuildConfiguration;
			baseConfigurationReference = DB8C99F99D13F66371AE4635 /* Pods-Sheets.debug.xcconfig */;
			buildSettings = {
				ASSETCATALOG_COMPILER_APPICON_NAME = AppIcon;
				CLANG_ENABLE_MODULES = YES;
				CODE_SIGN_IDENTITY = "iPhone Developer";
				DEFINES_MODULE = YES;
				EMBEDDED_CONTENT_CONTAINS_SWIFT = YES;
				INFOPLIST_FILE = Sheets/Info.plist;
				LD_RUNPATH_SEARCH_PATHS = "$(inherited) @executable_path/Frameworks";
				PRODUCT_BUNDLE_IDENTIFIER = com.Keiwan.Sheets;
				PRODUCT_NAME = "$(TARGET_NAME)";
				SWIFT_OBJC_BRIDGING_HEADER = "Sheets/Sheets-Bridging-Header.h";
				SWIFT_OPTIMIZATION_LEVEL = "-Onone";
			};
			name = Debug;
		};
		BB00B9741D213948008B1135 /* Release */ = {
			isa = XCBuildConfiguration;
			baseConfigurationReference = 82B72E7257CF88C3C81CC597 /* Pods-Sheets.release.xcconfig */;
			buildSettings = {
				ASSETCATALOG_COMPILER_APPICON_NAME = AppIcon;
				CLANG_ENABLE_MODULES = YES;
				CODE_SIGN_IDENTITY = "iPhone Developer";
				DEFINES_MODULE = YES;
				EMBEDDED_CONTENT_CONTAINS_SWIFT = YES;
				INFOPLIST_FILE = Sheets/Info.plist;
				LD_RUNPATH_SEARCH_PATHS = "$(inherited) @executable_path/Frameworks";
				PRODUCT_BUNDLE_IDENTIFIER = com.Keiwan.Sheets;
				PRODUCT_NAME = "$(TARGET_NAME)";
				SWIFT_OBJC_BRIDGING_HEADER = "Sheets/Sheets-Bridging-Header.h";
			};
			name = Release;
		};
		BB00B9761D213948008B1135 /* Debug */ = {
			isa = XCBuildConfiguration;
			buildSettings = {
				BUNDLE_LOADER = "$(TEST_HOST)";
				INFOPLIST_FILE = SheetsTests/Info.plist;
				LD_RUNPATH_SEARCH_PATHS = "$(inherited) @executable_path/Frameworks @loader_path/Frameworks";
				PRODUCT_BUNDLE_IDENTIFIER = com.Keiwan.SheetsTests;
				PRODUCT_NAME = "$(TARGET_NAME)";
				TEST_HOST = "$(BUILT_PRODUCTS_DIR)/Sheets.app/Sheets";
			};
			name = Debug;
		};
		BB00B9771D213948008B1135 /* Release */ = {
			isa = XCBuildConfiguration;
			buildSettings = {
				BUNDLE_LOADER = "$(TEST_HOST)";
				INFOPLIST_FILE = SheetsTests/Info.plist;
				LD_RUNPATH_SEARCH_PATHS = "$(inherited) @executable_path/Frameworks @loader_path/Frameworks";
				PRODUCT_BUNDLE_IDENTIFIER = com.Keiwan.SheetsTests;
				PRODUCT_NAME = "$(TARGET_NAME)";
				TEST_HOST = "$(BUILT_PRODUCTS_DIR)/Sheets.app/Sheets";
			};
			name = Release;
		};
		BB00B9791D213948008B1135 /* Debug */ = {
			isa = XCBuildConfiguration;
			buildSettings = {
				INFOPLIST_FILE = SheetsUITests/Info.plist;
				LD_RUNPATH_SEARCH_PATHS = "$(inherited) @executable_path/Frameworks @loader_path/Frameworks";
				PRODUCT_BUNDLE_IDENTIFIER = com.Keiwan.SheetsUITests;
				PRODUCT_NAME = "$(TARGET_NAME)";
				TEST_TARGET_NAME = Sheets;
				USES_XCTRUNNER = YES;
			};
			name = Debug;
		};
		BB00B97A1D213948008B1135 /* Release */ = {
			isa = XCBuildConfiguration;
			buildSettings = {
				INFOPLIST_FILE = SheetsUITests/Info.plist;
				LD_RUNPATH_SEARCH_PATHS = "$(inherited) @executable_path/Frameworks @loader_path/Frameworks";
				PRODUCT_BUNDLE_IDENTIFIER = com.Keiwan.SheetsUITests;
				PRODUCT_NAME = "$(TARGET_NAME)";
				TEST_TARGET_NAME = Sheets;
				USES_XCTRUNNER = YES;
			};
			name = Release;
		};
/* End XCBuildConfiguration section */

/* Begin XCConfigurationList section */
		BB00B9451D213948008B1135 /* Build configuration list for PBXProject "Sheets" */ = {
			isa = XCConfigurationList;
			buildConfigurations = (
				BB00B9701D213948008B1135 /* Debug */,
				BB00B9711D213948008B1135 /* Release */,
			);
			defaultConfigurationIsVisible = 0;
			defaultConfigurationName = Release;
		};
		BB00B9721D213948008B1135 /* Build configuration list for PBXNativeTarget "Sheets" */ = {
			isa = XCConfigurationList;
			buildConfigurations = (
				BB00B9731D213948008B1135 /* Debug */,
				BB00B9741D213948008B1135 /* Release */,
			);
			defaultConfigurationIsVisible = 0;
			defaultConfigurationName = Release;
		};
		BB00B9751D213948008B1135 /* Build configuration list for PBXNativeTarget "SheetsTests" */ = {
			isa = XCConfigurationList;
			buildConfigurations = (
				BB00B9761D213948008B1135 /* Debug */,
				BB00B9771D213948008B1135 /* Release */,
			);
			defaultConfigurationIsVisible = 0;
			defaultConfigurationName = Release;
		};
		BB00B9781D213948008B1135 /* Build configuration list for PBXNativeTarget "SheetsUITests" */ = {
			isa = XCConfigurationList;
			buildConfigurations = (
				BB00B9791D213948008B1135 /* Debug */,
				BB00B97A1D213948008B1135 /* Release */,
			);
			defaultConfigurationIsVisible = 0;
			defaultConfigurationName = Release;
		};
/* End XCConfigurationList section */
	};
	rootObject = BB00B9421D213948008B1135 /* Project object */;
}
