// !$*UTF8*$!
{
	archiveVersion = 1;
	classes = {
	};
	objectVersion = 46;
	objects = {

/* Begin PBXBuildFile section */
		BB00B94E1D213948008B1135 /* AppDelegate.swift in Sources */ = {isa = PBXBuildFile; fileRef = BB00B94D1D213948008B1135 /* AppDelegate.swift */; };
		BB00B9501D213948008B1135 /* ViewController.swift in Sources */ = {isa = PBXBuildFile; fileRef = BB00B94F1D213948008B1135 /* ViewController.swift */; };
		BB00B9531D213948008B1135 /* Main.storyboard in Resources */ = {isa = PBXBuildFile; fileRef = BB00B9511D213948008B1135 /* Main.storyboard */; };
		BB00B9551D213948008B1135 /* Assets.xcassets in Resources */ = {isa = PBXBuildFile; fileRef = BB00B9541D213948008B1135 /* Assets.xcassets */; };
		BB00B9581D213948008B1135 /* LaunchScreen.storyboard in Resources */ = {isa = PBXBuildFile; fileRef = BB00B9561D213948008B1135 /* LaunchScreen.storyboard */; };
		BB00B9631D213948008B1135 /* SheetsTests.swift in Sources */ = {isa = PBXBuildFile; fileRef = BB00B9621D213948008B1135 /* SheetsTests.swift */; };
		BB00B96E1D213948008B1135 /* SheetsUITests.swift in Sources */ = {isa = PBXBuildFile; fileRef = BB00B96D1D213948008B1135 /* SheetsUITests.swift */; };
/* End PBXBuildFile section */

/* Begin PBXContainerItemProxy section */
		BB00B95F1D213948008B1135 /* PBXContainerItemProxy */ = {
			isa = PBXContainerItemProxy;
			containerPortal = BB00B9421D213948008B1135 /* Project object */;
			proxyType = 1;
			remoteGlobalIDString = BB00B9491D213948008B1135;
			remoteInfo = Sheets;
		};
		BB00B96A1D213948008B1135 /* PBXContainerItemProxy */ = {
			isa = PBXContainerItemProxy;
			containerPortal = BB00B9421D213948008B1135 /* Project object */;
			proxyType = 1;
			remoteGlobalIDString = BB00B9491D213948008B1135;
			remoteInfo = Sheets;
		};
/* End PBXContainerItemProxy section */

/* Begin PBXFileReference section */
		BB00B94A1D213948008B1135 /* Sheets.app */ = {isa = PBXFileReference; explicitFileType = wrapper.application; includeInIndex = 0; path = Sheets.app; sourceTree = BUILT_PRODUCTS_DIR; };
		BB00B94D1D213948008B1135 /* AppDelegate.swift */ = {isa = PBXFileReference; lastKnownFileType = sourcecode.swift; path = AppDelegate.swift; sourceTree = "<group>"; };
		BB00B94F1D213948008B1135 /* ViewController.swift */ = {isa = PBXFileReference; lastKnownFileType = sourcecode.swift; path = ViewController.swift; sourceTree = "<group>"; };
		BB00B9521D213948008B1135 /* Base */ = {isa = PBXFileReference; lastKnownFileType = file.storyboard; name = Base; path = Base.lproj/Main.storyboard; sourceTree = "<group>"; };
		BB00B9541D213948008B1135 /* Assets.xcassets */ = {isa = PBXFileReference; lastKnownFileType = folder.assetcatalog; path = Assets.xcassets; sourceTree = "<group>"; };
		BB00B9571D213948008B1135 /* Base */ = {isa = PBXFileReference; lastKnownFileType = file.storyboard; name = Base; path = Base.lproj/LaunchScreen.storyboard; sourceTree = "<group>"; };
		BB00B9591D213948008B1135 /* Info.plist */ = {isa = PBXFileReference; lastKnownFileType = text.plist.xml; path = Info.plist; sourceTree = "<group>"; };
		BB00B95E1D213948008B1135 /* SheetsTests.xctest */ = {isa = PBXFileReference; explicitFileType = wrapper.cfbundle; includeInIndex = 0; path = SheetsTests.xctest; sourceTree = BUILT_PRODUCTS_DIR; };
		BB00B9621D213948008B1135 /* SheetsTests.swift */ = {isa = PBXFileReference; lastKnownFileType = sourcecode.swift; path = SheetsTests.swift; sourceTree = "<group>"; };
		BB00B9641D213948008B1135 /* Info.plist */ = {isa = PBXFileReference; lastKnownFileType = text.plist.xml; path = Info.plist; sourceTree = "<group>"; };
		BB00B9691D213948008B1135 /* SheetsUITests.xctest */ = {isa = PBXFileReference; explicitFileType = wrapper.cfbundle; includeInIndex = 0; path = SheetsUITests.xctest; sourceTree = BUILT_PRODUCTS_DIR; };
		BB00B96D1D213948008B1135 /* SheetsUITests.swift */ = {isa = PBXFileReference; lastKnownFileType = sourcecode.swift; path = SheetsUITests.swift; sourceTree = "<group>"; };
		BB00B96F1D213948008B1135 /* Info.plist */ = {isa = PBXFileReference; lastKnownFileType = text.plist.xml; path = Info.plist; sourceTree = "<group>"; };
/* End PBXFileReference section */

/* Begin PBXFrameworksBuildPhase section */
		BB00B9471D213948008B1135 /* Frameworks */ = {
			isa = PBXFrameworksBuildPhase;
			buildActionMask = 2147483647;
			files = (
			);
			runOnlyForDeploymentPostprocessing = 0;
		};
		BB00B95B1D213948008B1135 /* Frameworks */ = {
			isa = PBXFrameworksBuildPhase;
			buildActionMask = 2147483647;
			files = (
			);
			runOnlyForDeploymentPostprocessing = 0;
		};
		BB00B9661D213948008B1135 /* Frameworks */ = {
			isa = PBXFrameworksBuildPhase;
			buildActionMask = 2147483647;
			files = (
			);
			runOnlyForDeploymentPostprocessing = 0;
		};
/* End PBXFrameworksBuildPhase section */

/* Begin PBXGroup section */
		BB00B9411D213948008B1135 = {
			isa = PBXGroup;
			children = (
				BB00B94C1D213948008B1135 /* Sheets */,
				BB00B9611D213948008B1135 /* SheetsTests */,
				BB00B96C1D213948008B1135 /* SheetsUITests */,
				BB00B94B1D213948008B1135 /* Products */,
			);
			sourceTree = "<group>";
		};
		BB00B94B1D213948008B1135 /* Products */ = {
			isa = PBXGroup;
			children = (
				BB00B94A1D213948008B1135 /* Sheets.app */,
				BB00B95E1D213948008B1135 /* SheetsTests.xctest */,
				BB00B9691D213948008B1135 /* SheetsUITests.xctest */,
			);
			name = Products;
			sourceTree = "<group>";
		};
		BB00B94C1D213948008B1135 /* Sheets */ = {
			isa = PBXGroup;
			children = (
				BB00B94D1D213948008B1135 /* AppDelegate.swift */,
				BB00B94F1D213948008B1135 /* ViewController.swift */,
				BB00B9511D213948008B1135 /* Main.storyboard */,
				BB00B9541D213948008B1135 /* Assets.xcassets */,
				BB00B9561D213948008B1135 /* LaunchScreen.storyboard */,
				BB00B9591D213948008B1135 /* Info.plist */,
			);
			path = Sheets;
			sourceTree = "<group>";
		};
		BB00B9611D213948008B1135 /* SheetsTests */ = {
			isa = PBXGroup;
			children = (
				BB00B9621D213948008B1135 /* SheetsTests.swift */,
				BB00B9641D213948008B1135 /* Info.plist */,
			);
			path = SheetsTests;
			sourceTree = "<group>";
		};
		BB00B96C1D213948008B1135 /* SheetsUITests */ = {
			isa = PBXGroup;
			children = (
				BB00B96D1D213948008B1135 /* SheetsUITests.swift */,
				BB00B96F1D213948008B1135 /* Info.plist */,
			);
			path = SheetsUITests;
			sourceTree = "<group>";
		};
/* End PBXGroup section */

/* Begin PBXNativeTarget section */
		BB00B9491D213948008B1135 /* Sheets */ = {
			isa = PBXNativeTarget;
			buildConfigurationList = BB00B9721D213948008B1135 /* Build configuration list for PBXNativeTarget "Sheets" */;
			buildPhases = (
				BB00B9461D213948008B1135 /* Sources */,
				BB00B9471D213948008B1135 /* Frameworks */,
				BB00B9481D213948008B1135 /* Resources */,
			);
			buildRules = (
			);
			dependencies = (
			);
			name = Sheets;
			productName = Sheets;
			productReference = BB00B94A1D213948008B1135 /* Sheets.app */;
			productType = "com.apple.product-type.application";
		};
		BB00B95D1D213948008B1135 /* SheetsTests */ = {
			isa = PBXNativeTarget;
			buildConfigurationList = BB00B9751D213948008B1135 /* Build configuration list for PBXNativeTarget "SheetsTests" */;
			buildPhases = (
				BB00B95A1D213948008B1135 /* Sources */,
				BB00B95B1D213948008B1135 /* Frameworks */,
				BB00B95C1D213948008B1135 /* Resources */,
			);
			buildRules = (
			);
			dependencies = (
				BB00B9601D213948008B1135 /* PBXTargetDependency */,
			);
			name = SheetsTests;
			productName = SheetsTests;
			productReference = BB00B95E1D213948008B1135 /* SheetsTests.xctest */;
			productType = "com.apple.product-type.bundle.unit-test";
		};
		BB00B9681D213948008B1135 /* SheetsUITests */ = {
			isa = PBXNativeTarget;
			buildConfigurationList = BB00B9781D213948008B1135 /* Build configuration list for PBXNativeTarget "SheetsUITests" */;
			buildPhases = (
				BB00B9651D213948008B1135 /* Sources */,
				BB00B9661D213948008B1135 /* Frameworks */,
				BB00B9671D213948008B1135 /* Resources */,
			);
			buildRules = (
			);
			dependencies = (
				BB00B96B1D213948008B1135 /* PBXTargetDependency */,
			);
			name = SheetsUITests;
			productName = SheetsUITests;
			productReference = BB00B9691D213948008B1135 /* SheetsUITests.xctest */;
			productType = "com.apple.product-type.bundle.ui-testing";
		};
/* End PBXNativeTarget section */

/* Begin PBXProject section */
		BB00B9421D213948008B1135 /* Project object */ = {
			isa = PBXProject;
			attributes = {
				LastSwiftUpdateCheck = 0720;
				LastUpgradeCheck = 0720;
				ORGANIZATIONNAME = "Keiwan Donyagard";
				TargetAttributes = {
					BB00B9491D213948008B1135 = {
						CreatedOnToolsVersion = 7.2;
						DevelopmentTeam = BSDC579R9W;
					};
					BB00B95D1D213948008B1135 = {
						CreatedOnToolsVersion = 7.2;
						DevelopmentTeam = BSDC579R9W;
						TestTargetID = BB00B9491D213948008B1135;
					};
					BB00B9681D213948008B1135 = {
						CreatedOnToolsVersion = 7.2;
						DevelopmentTeam = BSDC579R9W;
						TestTargetID = BB00B9491D213948008B1135;
					};
				};
			};
			buildConfigurationList = BB00B9451D213948008B1135 /* Build configuration list for PBXProject "Sheets" */;
			compatibilityVersion = "Xcode 3.2";
			developmentRegion = English;
			hasScannedForEncodings = 0;
			knownRegions = (
				en,
				Base,
			);
			mainGroup = BB00B9411D213948008B1135;
			productRefGroup = BB00B94B1D213948008B1135 /* Products */;
			projectDirPath = "";
			projectRoot = "";
			targets = (
				BB00B9491D213948008B1135 /* Sheets */,
				BB00B95D1D213948008B1135 /* SheetsTests */,
				BB00B9681D213948008B1135 /* SheetsUITests */,
			);
		};
/* End PBXProject section */

/* Begin PBXResourcesBuildPhase section */
		BB00B9481D213948008B1135 /* Resources */ = {
			isa = PBXResourcesBuildPhase;
			buildActionMask = 2147483647;
			files = (
				BB00B9581D213948008B1135 /* LaunchScreen.storyboard in Resources */,
				BB00B9551D213948008B1135 /* Assets.xcassets in Resources */,
				BB00B9531D213948008B1135 /* Main.storyboard in Resources */,
			);
			runOnlyForDeploymentPostprocessing = 0;
		};
		BB00B95C1D213948008B1135 /* Resources */ = {
			isa = PBXResourcesBuildPhase;
			buildActionMask = 2147483647;
			files = (
			);
			runOnlyForDeploymentPostprocessing = 0;
		};
		BB00B9671D213948008B1135 /* Resources */ = {
			isa = PBXResourcesBuildPhase;
			buildActionMask = 2147483647;
			files = (
			);
			runOnlyForDeploymentPostprocessing = 0;
		};
/* End PBXResourcesBuildPhase section */

/* Begin PBXSourcesBuildPhase section */
		BB00B9461D213948008B1135 /* Sources */ = {
			isa = PBXSourcesBuildPhase;
			buildActionMask = 2147483647;
			files = (
				BB00B9501D213948008B1135 /* ViewController.swift in Sources */,
				BB00B94E1D213948008B1135 /* AppDelegate.swift in Sources */,
			);
			runOnlyForDeploymentPostprocessing = 0;
		};
		BB00B95A1D213948008B1135 /* Sources */ = {
			isa = PBXSourcesBuildPhase;
			buildActionMask = 2147483647;
			files = (
				BB00B9631D213948008B1135 /* SheetsTests.swift in Sources */,
			);
			runOnlyForDeploymentPostprocessing = 0;
		};
		BB00B9651D213948008B1135 /* Sources */ = {
			isa = PBXSourcesBuildPhase;
			buildActionMask = 2147483647;
			files = (
				BB00B96E1D213948008B1135 /* SheetsUITests.swift in Sources */,
			);
			runOnlyForDeploymentPostprocessing = 0;
		};
/* End PBXSourcesBuildPhase section */

/* Begin PBXTargetDependency section */
		BB00B9601D213948008B1135 /* PBXTargetDependency */ = {
			isa = PBXTargetDependency;
			target = BB00B9491D213948008B1135 /* Sheets */;
			targetProxy = BB00B95F1D213948008B1135 /* PBXContainerItemProxy */;
		};
		BB00B96B1D213948008B1135 /* PBXTargetDependency */ = {
			isa = PBXTargetDependency;
			target = BB00B9491D213948008B1135 /* Sheets */;
			targetProxy = BB00B96A1D213948008B1135 /* PBXContainerItemProxy */;
		};
/* End PBXTargetDependency section */

/* Begin PBXVariantGroup section */
		BB00B9511D213948008B1135 /* Main.storyboard */ = {
			isa = PBXVariantGroup;
			children = (
				BB00B9521D213948008B1135 /* Base */,
			);
			name = Main.storyboard;
			sourceTree = "<group>";
		};
		BB00B9561D213948008B1135 /* LaunchScreen.storyboard */ = {
			isa = PBXVariantGroup;
			children = (
				BB00B9571D213948008B1135 /* Base */,
			);
			name = LaunchScreen.storyboard;
			sourceTree = "<group>";
		};
/* End PBXVariantGroup section */

/* Begin XCBuildConfiguration section */
		BB00B9701D213948008B1135 /* Debug */ = {
			isa = XCBuildConfiguration;
			buildSettings = {
				ALWAYS_SEARCH_USER_PATHS = NO;
				CLANG_CXX_LANGUAGE_STANDARD = "gnu++0x";
				CLANG_CXX_LIBRARY = "libc++";
				CLANG_ENABLE_MODULES = YES;
				CLANG_ENABLE_OBJC_ARC = YES;
				CLANG_WARN_BOOL_CONVERSION = YES;
				CLANG_WARN_CONSTANT_CONVERSION = YES;
				CLANG_WARN_DIRECT_OBJC_ISA_USAGE = YES_ERROR;
				CLANG_WARN_EMPTY_BODY = YES;
				CLANG_WARN_ENUM_CONVERSION = YES;
				CLANG_WARN_INT_CONVERSION = YES;
				CLANG_WARN_OBJC_ROOT_CLASS = YES_ERROR;
				CLANG_WARN_UNREACHABLE_CODE = YES;
				CLANG_WARN__DUPLICATE_METHOD_MATCH = YES;
				"CODE_SIGN_IDENTITY[sdk=iphoneos*]" = "iPhone Developer";
				COPY_PHASE_STRIP = NO;
				DEBUG_INFORMATION_FORMAT = dwarf;
				ENABLE_STRICT_OBJC_MSGSEND = YES;
				ENABLE_TESTABILITY = YES;
				GCC_C_LANGUAGE_STANDARD = gnu99;
				GCC_DYNAMIC_NO_PIC = NO;
				GCC_NO_COMMON_BLOCKS = YES;
				GCC_OPTIMIZATION_LEVEL = 0;
				GCC_PREPROCESSOR_DEFINITIONS = (
					"DEBUG=1",
					"$(inherited)",
				);
				GCC_WARN_64_TO_32_BIT_CONVERSION = YES;
				GCC_WARN_ABOUT_RETURN_TYPE = YES_ERROR;
				GCC_WARN_UNDECLARED_SELECTOR = YES;
				GCC_WARN_UNINITIALIZED_AUTOS = YES_AGGRESSIVE;
				GCC_WARN_UNUSED_FUNCTION = YES;
				GCC_WARN_UNUSED_VARIABLE = YES;
				IPHONEOS_DEPLOYMENT_TARGET = 9.2;
				MTL_ENABLE_DEBUG_INFO = YES;
				ONLY_ACTIVE_ARCH = YES;
				SDKROOT = iphoneos;
				SWIFT_OPTIMIZATION_LEVEL = "-Onone";
				TARGETED_DEVICE_FAMILY = "1,2";
			};
			name = Debug;
		};
		BB00B9711D213948008B1135 /* Release */ = {
			isa = XCBuildConfiguration;
			buildSettings = {
				ALWAYS_SEARCH_USER_PATHS = NO;
				CLANG_CXX_LANGUAGE_STANDARD = "gnu++0x";
				CLANG_CXX_LIBRARY = "libc++";
				CLANG_ENABLE_MODULES = YES;
				CLANG_ENABLE_OBJC_ARC = YES;
				CLANG_WARN_BOOL_CONVERSION = YES;
				CLANG_WARN_CONSTANT_CONVERSION = YES;
				CLANG_WARN_DIRECT_OBJC_ISA_USAGE = YES_ERROR;
				CLANG_WARN_EMPTY_BODY = YES;
				CLANG_WARN_ENUM_CONVERSION = YES;
				CLANG_WARN_INT_CONVERSION = YES;
				CLANG_WARN_OBJC_ROOT_CLASS = YES_ERROR;
				CLANG_WARN_UNREACHABLE_CODE = YES;
				CLANG_WARN__DUPLICATE_METHOD_MATCH = YES;
				"CODE_SIGN_IDENTITY[sdk=iphoneos*]" = "iPhone Developer";
				COPY_PHASE_STRIP = NO;
				DEBUG_INFORMATION_FORMAT = "dwarf-with-dsym";
				ENABLE_NS_ASSERTIONS = NO;
				ENABLE_STRICT_OBJC_MSGSEND = YES;
				GCC_C_LANGUAGE_STANDARD = gnu99;
				GCC_NO_COMMON_BLOCKS = YES;
				GCC_WARN_64_TO_32_BIT_CONVERSION = YES;
				GCC_WARN_ABOUT_RETURN_TYPE = YES_ERROR;
				GCC_WARN_UNDECLARED_SELECTOR = YES;
				GCC_WARN_UNINITIALIZED_AUTOS = YES_AGGRESSIVE;
				GCC_WARN_UNUSED_FUNCTION = YES;
				GCC_WARN_UNUSED_VARIABLE = YES;
				IPHONEOS_DEPLOYMENT_TARGET = 9.2;
				MTL_ENABLE_DEBUG_INFO = NO;
				ONLY_ACTIVE_ARCH = YES;
				SDKROOT = iphoneos;
				TARGETED_DEVICE_FAMILY = "1,2";
				VALIDATE_PRODUCT = YES;
			};
			name = Release;
		};
		BB00B9731D213948008B1135 /* Debug */ = {
			isa = XCBuildConfiguration;
			buildSettings = {
				ASSETCATALOG_COMPILER_APPICON_NAME = AppIcon;
				CLANG_ENABLE_MODULES = YES;
				CODE_SIGN_IDENTITY = "iPhone Developer";
				INFOPLIST_FILE = Sheets/Info.plist;
				LD_RUNPATH_SEARCH_PATHS = "$(inherited) @executable_path/Frameworks";
				PRODUCT_BUNDLE_IDENTIFIER = com.Keiwan.Sheets;
				PRODUCT_NAME = "$(TARGET_NAME)";
				SWIFT_OBJC_BRIDGING_HEADER = "Sheets/Sheets-Bridging-Header.h";
				SWIFT_OPTIMIZATION_LEVEL = "-Onone";
			};
			name = Debug;
		};
		BB00B9741D213948008B1135 /* Release */ = {
			isa = XCBuildConfiguration;
			buildSettings = {
				ASSETCATALOG_COMPILER_APPICON_NAME = AppIcon;
				CLANG_ENABLE_MODULES = YES;
				CODE_SIGN_IDENTITY = "iPhone Developer";
				INFOPLIST_FILE = Sheets/Info.plist;
				LD_RUNPATH_SEARCH_PATHS = "$(inherited) @executable_path/Frameworks";
				PRODUCT_BUNDLE_IDENTIFIER = com.Keiwan.Sheets;
				PRODUCT_NAME = "$(TARGET_NAME)";
				SWIFT_OBJC_BRIDGING_HEADER = "Sheets/Sheets-Bridging-Header.h";
			};
			name = Release;
		};
		BB00B9761D213948008B1135 /* Debug */ = {
			isa = XCBuildConfiguration;
			buildSettings = {
				BUNDLE_LOADER = "$(TEST_HOST)";
				INFOPLIST_FILE = SheetsTests/Info.plist;
				LD_RUNPATH_SEARCH_PATHS = "$(inherited) @executable_path/Frameworks @loader_path/Frameworks";
				PRODUCT_BUNDLE_IDENTIFIER = com.Keiwan.SheetsTests;
				PRODUCT_NAME = "$(TARGET_NAME)";
				TEST_HOST = "$(BUILT_PRODUCTS_DIR)/Sheets.app/Sheets";
			};
			name = Debug;
		};
		BB00B9771D213948008B1135 /* Release */ = {
			isa = XCBuildConfiguration;
			buildSettings = {
				BUNDLE_LOADER = "$(TEST_HOST)";
				INFOPLIST_FILE = SheetsTests/Info.plist;
				LD_RUNPATH_SEARCH_PATHS = "$(inherited) @executable_path/Frameworks @loader_path/Frameworks";
				PRODUCT_BUNDLE_IDENTIFIER = com.Keiwan.SheetsTests;
				PRODUCT_NAME = "$(TARGET_NAME)";
				TEST_HOST = "$(BUILT_PRODUCTS_DIR)/Sheets.app/Sheets";
			};
			name = Release;
		};
		BB00B9791D213948008B1135 /* Debug */ = {
			isa = XCBuildConfiguration;
			buildSettings = {
				INFOPLIST_FILE = SheetsUITests/Info.plist;
				LD_RUNPATH_SEARCH_PATHS = "$(inherited) @executable_path/Frameworks @loader_path/Frameworks";
				PRODUCT_BUNDLE_IDENTIFIER = com.Keiwan.SheetsUITests;
				PRODUCT_NAME = "$(TARGET_NAME)";
				TEST_TARGET_NAME = Sheets;
				USES_XCTRUNNER = YES;
			};
			name = Debug;
		};
		BB00B97A1D213948008B1135 /* Release */ = {
			isa = XCBuildConfiguration;
			buildSettings = {
				INFOPLIST_FILE = SheetsUITests/Info.plist;
				LD_RUNPATH_SEARCH_PATHS = "$(inherited) @executable_path/Frameworks @loader_path/Frameworks";
				PRODUCT_BUNDLE_IDENTIFIER = com.Keiwan.SheetsUITests;
				PRODUCT_NAME = "$(TARGET_NAME)";
				TEST_TARGET_NAME = Sheets;
				USES_XCTRUNNER = YES;
			};
			name = Release;
		};
/* End XCBuildConfiguration section */

/* Begin XCConfigurationList section */
		BB00B9451D213948008B1135 /* Build configuration list for PBXProject "Sheets" */ = {
			isa = XCConfigurationList;
			buildConfigurations = (
				BB00B9701D213948008B1135 /* Debug */,
				BB00B9711D213948008B1135 /* Release */,
			);
			defaultConfigurationIsVisible = 0;
			defaultConfigurationName = Release;
		};
		BB00B9721D213948008B1135 /* Build configuration list for PBXNativeTarget "Sheets" */ = {
			isa = XCConfigurationList;
			buildConfigurations = (
				BB00B9731D213948008B1135 /* Debug */,
				BB00B9741D213948008B1135 /* Release */,
			);
			defaultConfigurationIsVisible = 0;
			defaultConfigurationName = Release;
		};
		BB00B9751D213948008B1135 /* Build configuration list for PBXNativeTarget "SheetsTests" */ = {
			isa = XCConfigurationList;
			buildConfigurations = (
				BB00B9761D213948008B1135 /* Debug */,
				BB00B9771D213948008B1135 /* Release */,
			);
			defaultConfigurationIsVisible = 0;
			defaultConfigurationName = Release;
		};
		BB00B9781D213948008B1135 /* Build configuration list for PBXNativeTarget "SheetsUITests" */ = {
			isa = XCConfigurationList;
			buildConfigurations = (
				BB00B9791D213948008B1135 /* Debug */,
				BB00B97A1D213948008B1135 /* Release */,
			);
			defaultConfigurationIsVisible = 0;
			defaultConfigurationName = Release;
		};
/* End XCConfigurationList section */
	};
	rootObject = BB00B9421D213948008B1135 /* Project object */;
}
